{
    "version": 3,
    "terraform_version": "0.11.13",
    "serial": 25,
    "lineage": "b5e173a9-dd3b-3542-c839-63b19f03381e",
    "modules": [
        {
            "path": [
                "root"
            ],
            "outputs": {
                "terraform_lb_output": {
                    "sensitive": false,
                    "type": "string",
                    "value": "terraform-alb-171144359.us-west-2.elb.amazonaws.com"
                }
            },
            "resources": {
                "aws_alb.terraform_alb": {
                    "type": "aws_alb",
                    "depends_on": [
                        "aws_security_group.terraform_elb_security_group",
                        "aws_subnet.terraform_subnet_public_1",
                        "aws_subnet.terraform_subnet_public_2",
                        "aws_subnet.terraform_subnet_public_3"
                    ],
                    "primary": {
                        "id": "arn:aws:elasticloadbalancing:us-west-2:461765898217:loadbalancer/app/terraform-alb/c8966e09e7238a9b",
                        "attributes": {
                            "access_logs.#": "0",
                            "arn": "arn:aws:elasticloadbalancing:us-west-2:461765898217:loadbalancer/app/terraform-alb/c8966e09e7238a9b",
                            "arn_suffix": "app/terraform-alb/c8966e09e7238a9b",
                            "dns_name": "terraform-alb-171144359.us-west-2.elb.amazonaws.com",
                            "enable_deletion_protection": "false",
                            "enable_http2": "true",
                            "id": "arn:aws:elasticloadbalancing:us-west-2:461765898217:loadbalancer/app/terraform-alb/c8966e09e7238a9b",
                            "idle_timeout": "600",
                            "internal": "false",
                            "ip_address_type": "ipv4",
                            "load_balancer_type": "application",
                            "name": "terraform-alb",
                            "security_groups.#": "1",
                            "security_groups.4030440843": "sg-0c0380899c7f7b131",
                            "subnet_mapping.#": "0",
                            "subnets.#": "3",
                            "subnets.1189384871": "subnet-0901d94d66975c8af",
                            "subnets.1710191192": "subnet-0610623b0b569b193",
                            "subnets.3036793806": "subnet-031f2082e70fb56f0",
                            "tags.%": "0",
                            "vpc_id": "vpc-00996c23fa8a96273",
                            "zone_id": "Z1H1FL5HABSF5"
                        },
                        "meta": {
                            "e2bfb730-ecaa-11e6-8f88-34363bc7c4c0": {
                                "create": 600000000000,
                                "delete": 600000000000,
                                "update": 600000000000
                            }
                        },
                        "tainted": false
                    },
                    "deposed": [],
                    "provider": "provider.aws"
                },
                "aws_alb_listener.terraform_alb_front": {
                    "type": "aws_alb_listener",
                    "depends_on": [
                        "aws_alb.terraform_alb",
                        "aws_alb_target_group.terraform_alb_target_group"
                    ],
                    "primary": {
                        "id": "arn:aws:elasticloadbalancing:us-west-2:461765898217:listener/app/terraform-alb/c8966e09e7238a9b/90b9a602893337be",
                        "attributes": {
                            "arn": "arn:aws:elasticloadbalancing:us-west-2:461765898217:listener/app/terraform-alb/c8966e09e7238a9b/90b9a602893337be",
                            "default_action.#": "1",
                            "default_action.0.authenticate_cognito.#": "0",
                            "default_action.0.authenticate_oidc.#": "0",
                            "default_action.0.fixed_response.#": "0",
                            "default_action.0.order": "1",
                            "default_action.0.redirect.#": "0",
                            "default_action.0.target_group_arn": "arn:aws:elasticloadbalancing:us-west-2:461765898217:targetgroup/terraform-alb-target-group/0d7b8684fc246c9d",
                            "default_action.0.type": "forward",
                            "id": "arn:aws:elasticloadbalancing:us-west-2:461765898217:listener/app/terraform-alb/c8966e09e7238a9b/90b9a602893337be",
                            "load_balancer_arn": "arn:aws:elasticloadbalancing:us-west-2:461765898217:loadbalancer/app/terraform-alb/c8966e09e7238a9b",
                            "port": "80",
                            "protocol": "HTTP",
                            "ssl_policy": ""
                        },
                        "meta": {
                            "e2bfb730-ecaa-11e6-8f88-34363bc7c4c0": {
                                "read": 600000000000
                            }
                        },
                        "tainted": false
                    },
                    "deposed": [],
                    "provider": "provider.aws"
                },
                "aws_alb_target_group.terraform_alb_target_group": {
                    "type": "aws_alb_target_group",
                    "depends_on": [
                        "aws_alb.terraform_alb",
                        "aws_vpc.terraform_vpc"
                    ],
                    "primary": {
                        "id": "arn:aws:elasticloadbalancing:us-west-2:461765898217:targetgroup/terraform-alb-target-group/0d7b8684fc246c9d",
                        "attributes": {
                            "arn": "arn:aws:elasticloadbalancing:us-west-2:461765898217:targetgroup/terraform-alb-target-group/0d7b8684fc246c9d",
                            "arn_suffix": "targetgroup/terraform-alb-target-group/0d7b8684fc246c9d",
                            "deregistration_delay": "300",
                            "health_check.#": "1",
                            "health_check.0.enabled": "true",
                            "health_check.0.healthy_threshold": "2",
                            "health_check.0.interval": "300",
                            "health_check.0.matcher": "200,301,302",
                            "health_check.0.path": "/",
                            "health_check.0.port": "traffic-port",
                            "health_check.0.protocol": "HTTP",
                            "health_check.0.timeout": "60",
                            "health_check.0.unhealthy_threshold": "10",
                            "id": "arn:aws:elasticloadbalancing:us-west-2:461765898217:targetgroup/terraform-alb-target-group/0d7b8684fc246c9d",
                            "lambda_multi_value_headers_enabled": "false",
                            "name": "terraform-alb-target-group",
                            "port": "80",
                            "protocol": "HTTP",
                            "proxy_protocol_v2": "false",
                            "slow_start": "0",
                            "stickiness.#": "1",
                            "stickiness.0.cookie_duration": "86400",
                            "stickiness.0.enabled": "true",
                            "stickiness.0.type": "lb_cookie",
                            "tags.%": "0",
                            "target_type": "instance",
                            "vpc_id": "vpc-00996c23fa8a96273"
                        },
                        "meta": {},
                        "tainted": false
                    },
                    "deposed": [],
                    "provider": "provider.aws"
                },
                "aws_autoscaling_group.terraform_cluster_autoscaling_group": {
                    "type": "aws_autoscaling_group",
                    "depends_on": [
                        "aws_launch_configuration.terraform_cluster_lc",
                        "aws_subnet.terraform_subnet_public_1",
                        "aws_subnet.terraform_subnet_public_2",
                        "aws_subnet.terraform_subnet_public_3"
                    ],
                    "primary": {
                        "id": "terraform_cluster_autoscaling_group",
                        "attributes": {
                            "arn": "arn:aws:autoscaling:us-west-2:461765898217:autoScalingGroup:bdb2cc32-59b6-49f6-a242-d9c843936a5c:autoScalingGroupName/terraform_cluster_autoscaling_group",
                            "availability_zones.#": "3",
                            "availability_zones.2050015877": "us-west-2c",
                            "availability_zones.221770259": "us-west-2b",
                            "availability_zones.2487133097": "us-west-2a",
                            "default_cooldown": "30",
                            "desired_capacity": "1",
                            "enabled_metrics.#": "0",
                            "force_delete": "false",
                            "health_check_grace_period": "120",
                            "health_check_type": "EC2",
                            "id": "terraform_cluster_autoscaling_group",
                            "launch_configuration": "terraform_cluster_lc20190412131411101800000010",
                            "launch_template.#": "0",
                            "load_balancers.#": "0",
                            "max_size": "2",
                            "metrics_granularity": "1Minute",
                            "min_size": "1",
                            "mixed_instances_policy.#": "0",
                            "name": "terraform_cluster_autoscaling_group",
                            "placement_group": "",
                            "protect_from_scale_in": "false",
                            "service_linked_role_arn": "arn:aws:iam::461765898217:role/aws-service-role/autoscaling.amazonaws.com/AWSServiceRoleForAutoScaling",
                            "suspended_processes.#": "0",
                            "tag.#": "1",
                            "tag.2323171503.key": "Name",
                            "tag.2323171503.propagate_at_launch": "true",
                            "tag.2323171503.value": "terraform_cluster_lc",
                            "target_group_arns.#": "0",
                            "termination_policies.#": "1",
                            "termination_policies.0": "OldestInstance",
                            "vpc_zone_identifier.#": "3",
                            "vpc_zone_identifier.1189384871": "subnet-0901d94d66975c8af",
                            "vpc_zone_identifier.1710191192": "subnet-0610623b0b569b193",
                            "vpc_zone_identifier.3036793806": "subnet-031f2082e70fb56f0",
                            "wait_for_capacity_timeout": "10m"
                        },
                        "meta": {
                            "e2bfb730-ecaa-11e6-8f88-34363bc7c4c0": {
                                "delete": 600000000000
                            }
                        },
                        "tainted": false
                    },
                    "deposed": [],
                    "provider": "provider.aws"
                },
                "aws_autoscaling_policy.terraform_cluster_autoscaling_policy": {
                    "type": "aws_autoscaling_policy",
                    "depends_on": [
                        "aws_autoscaling_group.terraform_cluster_autoscaling_group"
                    ],
                    "primary": {
                        "id": "terraform_cluster_autoscaling_policy",
                        "attributes": {
                            "adjustment_type": "",
                            "arn": "arn:aws:autoscaling:us-west-2:461765898217:scalingPolicy:ce98f268-fb51-41c5-b91a-23437b68d32a:autoScalingGroupName/terraform_cluster_autoscaling_group:policyName/terraform_cluster_autoscaling_policy",
                            "autoscaling_group_name": "terraform_cluster_autoscaling_group",
                            "cooldown": "0",
                            "estimated_instance_warmup": "90",
                            "id": "terraform_cluster_autoscaling_policy",
                            "metric_aggregation_type": "",
                            "name": "terraform_cluster_autoscaling_policy",
                            "policy_type": "TargetTrackingScaling",
                            "scaling_adjustment": "0",
                            "step_adjustment.#": "0",
                            "target_tracking_configuration.#": "1",
                            "target_tracking_configuration.0.customized_metric_specification.#": "0",
                            "target_tracking_configuration.0.disable_scale_in": "false",
                            "target_tracking_configuration.0.predefined_metric_specification.#": "1",
                            "target_tracking_configuration.0.predefined_metric_specification.0.predefined_metric_type": "ASGAverageCPUUtilization",
                            "target_tracking_configuration.0.predefined_metric_specification.0.resource_label": "",
                            "target_tracking_configuration.0.target_value": "40"
                        },
                        "meta": {},
                        "tainted": false
                    },
                    "deposed": [],
                    "provider": "provider.aws"
                },
                "aws_ecr_repository.terraform_repository": {
                    "type": "aws_ecr_repository",
                    "depends_on": [],
                    "primary": {
                        "id": "terraform_repository",
                        "attributes": {
                            "arn": "arn:aws:ecr:us-west-2:461765898217:repository/terraform_repository",
                            "id": "terraform_repository",
                            "name": "terraform_repository",
                            "registry_id": "461765898217",
                            "repository_url": "461765898217.dkr.ecr.us-west-2.amazonaws.com/terraform_repository",
                            "tags.%": "0"
                        },
                        "meta": {
                            "e2bfb730-ecaa-11e6-8f88-34363bc7c4c0": {
                                "delete": 1200000000000
                            }
                        },
                        "tainted": false
                    },
                    "deposed": [],
                    "provider": "provider.aws"
                },
                "aws_ecs_cluster.terraform_cluster": {
                    "type": "aws_ecs_cluster",
                    "depends_on": [],
                    "primary": {
                        "id": "arn:aws:ecs:us-west-2:461765898217:cluster/terraform_cluster",
                        "attributes": {
                            "arn": "arn:aws:ecs:us-west-2:461765898217:cluster/terraform_cluster",
                            "id": "arn:aws:ecs:us-west-2:461765898217:cluster/terraform_cluster",
                            "name": "terraform_cluster",
                            "tags.%": "0"
                        },
                        "meta": {},
                        "tainted": false
                    },
                    "deposed": [],
                    "provider": "provider.aws"
                },
                "aws_ecs_service.terraform_ecs_service": {
                    "type": "aws_ecs_service",
                    "depends_on": [
                        "aws_alb_target_group.terraform_alb_target_group",
                        "aws_ecs_cluster.terraform_cluster",
                        "aws_ecs_task_definition.terrafrom_ecs_task_definition",
                        "aws_iam_role.ecs_service_role",
                        "aws_iam_role_policy_attachment.ecs_service_attach"
                    ],
                    "primary": {
                        "id": "arn:aws:ecs:us-west-2:461765898217:service/terraform_ecs_service",
                        "attributes": {
                            "cluster": "arn:aws:ecs:us-west-2:461765898217:cluster/terraform_cluster",
                            "deployment_controller.#": "1",
                            "deployment_controller.0.type": "ECS",
                            "deployment_maximum_percent": "200",
                            "deployment_minimum_healthy_percent": "100",
                            "desired_count": "4",
                            "enable_ecs_managed_tags": "false",
                            "health_check_grace_period_seconds": "0",
                            "iam_role": "arn:aws:iam::461765898217:role/ecs_service_role",
                            "id": "arn:aws:ecs:us-west-2:461765898217:service/terraform_ecs_service",
                            "launch_type": "EC2",
                            "load_balancer.#": "1",
                            "load_balancer.3307184167.container_name": "terraform_application_container",
                            "load_balancer.3307184167.container_port": "80",
                            "load_balancer.3307184167.elb_name": "",
                            "load_balancer.3307184167.target_group_arn": "arn:aws:elasticloadbalancing:us-west-2:461765898217:targetgroup/terraform-alb-target-group/0d7b8684fc246c9d",
                            "name": "terraform_ecs_service",
                            "network_configuration.#": "0",
                            "ordered_placement_strategy.#": "0",
                            "placement_constraints.#": "0",
                            "placement_strategy.#": "0",
                            "platform_version": "",
                            "propagate_tags": "NONE",
                            "scheduling_strategy": "REPLICA",
                            "service_registries.#": "0",
                            "tags.%": "0",
                            "task_definition": "arn:aws:ecs:us-west-2:461765898217:task-definition/service:14"
                        },
                        "meta": {},
                        "tainted": false
                    },
                    "deposed": [],
                    "provider": "provider.aws"
                },
                "aws_ecs_task_definition.terrafrom_ecs_task_definition": {
                    "type": "aws_ecs_task_definition",
                    "depends_on": [],
                    "primary": {
                        "id": "service",
                        "attributes": {
                            "arn": "arn:aws:ecs:us-west-2:461765898217:task-definition/service:12",
                            "container_definitions": "[{\"cpu\":0,\"environment\":[],\"essential\":true,\"image\":\"461765898217.dkr.ecr.us-west-2.amazonaws.com/terraform_repository:latest\",\"memory\":1024,\"mountPoints\":[],\"name\":\"terraform_application_container\",\"portMappings\":[{\"containerPort\":80,\"hostPort\":80,\"protocol\":\"tcp\"}],\"volumesFrom\":[]}]",
                            "cpu": "",
                            "execution_role_arn": "",
                            "family": "service",
                            "id": "service",
                            "memory": "",
                            "network_mode": "",
                            "placement_constraints.#": "0",
                            "requires_compatibilities.#": "0",
                            "revision": "12",
                            "tags.%": "0",
                            "task_role_arn": "",
                            "volume.#": "0"
                        },
                        "meta": {
                            "schema_version": "1"
                        },
                        "tainted": false
                    },
                    "deposed": [],
                    "provider": "provider.aws"
                },
                "aws_iam_group.terraform_group": {
                    "type": "aws_iam_group",
                    "depends_on": [],
                    "primary": {
                        "id": "terraform_group",
                        "attributes": {
                            "arn": "arn:aws:iam::461765898217:group/users/terraform_group",
                            "id": "terraform_group",
                            "name": "terraform_group",
                            "path": "/users/",
                            "unique_id": "AGPAWXA3EN7U6O3MAACDS"
                        },
                        "meta": {},
                        "tainted": false
                    },
                    "deposed": [],
                    "provider": "provider.aws"
                },
                "aws_iam_group_membership.terraform_team": {
                    "type": "aws_iam_group_membership",
                    "depends_on": [
                        "aws_iam_group.terraform_group",
                        "aws_iam_user.terraform_user"
                    ],
                    "primary": {
                        "id": "terraform_team",
                        "attributes": {
                            "group": "terraform_group",
                            "id": "terraform_team",
                            "name": "terraform_team",
                            "users.#": "1",
                            "users.2651156787": "terraform_user"
                        },
                        "meta": {},
                        "tainted": false
                    },
                    "deposed": [],
                    "provider": "provider.aws"
                },
                "aws_iam_group_policy_attachment.AmazonEC2ContainerRegistryFullAccess": {
                    "type": "aws_iam_group_policy_attachment",
                    "depends_on": [
                        "aws_iam_group.terraform_group"
                    ],
                    "primary": {
                        "id": "terraform_group-20190412131343260500000001",
                        "attributes": {
                            "group": "terraform_group",
                            "id": "terraform_group-20190412131343260500000001",
                            "policy_arn": "arn:aws:iam::aws:policy/AmazonEC2ContainerRegistryFullAccess"
                        },
                        "meta": {},
                        "tainted": false
                    },
                    "deposed": [],
                    "provider": "provider.aws"
                },
                "aws_iam_group_policy_attachment.AmazonEC2ContainerServiceFullAccess": {
                    "type": "aws_iam_group_policy_attachment",
                    "depends_on": [
                        "aws_iam_group.terraform_group"
                    ],
                    "primary": {
                        "id": "terraform_group-20190412131343775700000003",
                        "attributes": {
                            "group": "terraform_group",
                            "id": "terraform_group-20190412131343775700000003",
                            "policy_arn": "arn:aws:iam::aws:policy/AmazonEC2ContainerServiceFullAccess"
                        },
                        "meta": {},
                        "tainted": false
                    },
                    "deposed": [],
                    "provider": "provider.aws"
                },
                "aws_iam_group_policy_attachment.AmazonECS_FullAccess": {
                    "type": "aws_iam_group_policy_attachment",
                    "depends_on": [
                        "aws_iam_group.terraform_group"
                    ],
                    "primary": {
                        "id": "terraform_group-20190412131344092800000004",
                        "attributes": {
                            "group": "terraform_group",
                            "id": "terraform_group-20190412131344092800000004",
                            "policy_arn": "arn:aws:iam::aws:policy/AmazonECS_FullAccess"
                        },
                        "meta": {},
                        "tainted": false
                    },
                    "deposed": [],
                    "provider": "provider.aws"
                },
                "aws_iam_group_policy_attachment.CodeBuildBasePolicy-builder-us-west-2": {
                    "type": "aws_iam_group_policy_attachment",
                    "depends_on": [
                        "aws_iam_group.terraform_group"
                    ],
                    "primary": {
                        "id": "terraform_group-20190412131343334800000002",
                        "attributes": {
                            "group": "terraform_group",
                            "id": "terraform_group-20190412131343334800000002",
                            "policy_arn": "arn:aws:iam::461765898217:policy/service-role/CodeBuildBasePolicy-builder-us-west-2"
                        },
                        "meta": {},
                        "tainted": false
                    },
                    "deposed": [],
                    "provider": "provider.aws"
                },
                "aws_iam_instance_profile.ecs_ec2_instance_profile": {
                    "type": "aws_iam_instance_profile",
                    "depends_on": [
                        "aws_iam_role.ecs_ec2_role"
                    ],
                    "primary": {
                        "id": "ecs_ec2_instance_profile",
                        "attributes": {
                            "arn": "arn:aws:iam::461765898217:instance-profile/ecs_ec2_instance_profile",
                            "create_date": "2019-04-12T13:13:42Z",
                            "id": "ecs_ec2_instance_profile",
                            "name": "ecs_ec2_instance_profile",
                            "path": "/",
                            "role": "ecs_ec2_role",
                            "roles.#": "1",
                            "roles.353291807": "ecs_ec2_role",
                            "unique_id": "AIPAWXA3EN7U4UFXIC3HL"
                        },
                        "meta": {},
                        "tainted": false
                    },
                    "deposed": [],
                    "provider": "provider.aws"
                },
                "aws_iam_role.ecs_ec2_role": {
                    "type": "aws_iam_role",
                    "depends_on": [],
                    "primary": {
                        "id": "ecs_ec2_role",
                        "attributes": {
                            "arn": "arn:aws:iam::461765898217:role/ecs_ec2_role",
                            "assume_role_policy": "{\"Version\":\"2012-10-17\",\"Statement\":[{\"Sid\":\"\",\"Effect\":\"Allow\",\"Principal\":{\"Service\":\"ec2.amazonaws.com\"},\"Action\":\"sts:AssumeRole\"}]}",
                            "create_date": "2019-04-12T13:13:40Z",
                            "description": "",
                            "force_detach_policies": "false",
                            "id": "ecs_ec2_role",
                            "max_session_duration": "3600",
                            "name": "ecs_ec2_role",
                            "path": "/",
                            "tags.%": "0",
                            "unique_id": "AROAWXA3EN7UYP3SAGOOX"
                        },
                        "meta": {},
                        "tainted": false
                    },
                    "deposed": [],
                    "provider": "provider.aws"
                },
                "aws_iam_role.ecs_service_role": {
                    "type": "aws_iam_role",
                    "depends_on": [],
                    "primary": {
                        "id": "ecs_service_role",
                        "attributes": {
                            "arn": "arn:aws:iam::461765898217:role/ecs_service_role",
                            "assume_role_policy": "{\"Version\":\"2012-10-17\",\"Statement\":[{\"Sid\":\"\",\"Effect\":\"Allow\",\"Principal\":{\"Service\":\"ecs.amazonaws.com\"},\"Action\":\"sts:AssumeRole\"}]}",
                            "create_date": "2019-04-12T13:13:41Z",
                            "description": "",
                            "force_detach_policies": "false",
                            "id": "ecs_service_role",
                            "max_session_duration": "3600",
                            "name": "ecs_service_role",
                            "path": "/",
                            "tags.%": "0",
                            "unique_id": "AROAWXA3EN7URI43YI4HT"
                        },
                        "meta": {},
                        "tainted": false
                    },
                    "deposed": [],
                    "provider": "provider.aws"
                },
                "aws_iam_role_policy.ecs_ec2_role_policy": {
                    "type": "aws_iam_role_policy",
                    "depends_on": [
                        "aws_iam_role.ecs_ec2_role"
                    ],
                    "primary": {
                        "id": "ecs_ec2_role:ecs_ec2_role_policy",
                        "attributes": {
                            "id": "ecs_ec2_role:ecs_ec2_role_policy",
                            "name": "ecs_ec2_role_policy",
                            "policy": "{\n    \"Version\": \"2012-10-17\",\n    \"Statement\": [\n        {\n            \"Effect\": \"Allow\",\n            \"Action\": [\n              \"ecs:CreateCluster\",\n              \"ecs:DeregisterContainerInstance\",\n              \"ecs:DiscoverPollEndpoint\",\n              \"ecs:Poll\",\n              \"ecs:RegisterContainerInstance\",\n              \"ecs:StartTelemetrySession\",\n              \"ecs:Submit*\",\n              \"ecs:StartTask\",\n              \"ecr:GetAuthorizationToken\",\n              \"ecr:BatchCheckLayerAvailability\",\n              \"ecr:GetDownloadUrlForLayer\",\n              \"ecr:BatchGetImage\",\n              \"logs:CreateLogStream\",\n              \"logs:PutLogEvents\"\n            ],\n            \"Resource\": \"*\"\n        },\n        {\n            \"Effect\": \"Allow\",\n            \"Action\": [\n                \"logs:CreateLogGroup\",\n                \"logs:CreateLogStream\",\n                \"logs:PutLogEvents\",\n                \"logs:DescribeLogStreams\"\n            ],\n            \"Resource\": [\n                \"arn:aws:logs:*:*:*\"\n            ]\n        }\n    ]\n}\n",
                            "role": "ecs_ec2_role"
                        },
                        "meta": {},
                        "tainted": false
                    },
                    "deposed": [],
                    "provider": "provider.aws"
                },
                "aws_iam_role_policy_attachment.ecs_service_attach": {
                    "type": "aws_iam_role_policy_attachment",
                    "depends_on": [
                        "aws_iam_role.ecs_service_role"
                    ],
                    "primary": {
                        "id": "ecs_service_role-20190412131344923900000005",
                        "attributes": {
                            "id": "ecs_service_role-20190412131344923900000005",
                            "policy_arn": "arn:aws:iam::aws:policy/service-role/AmazonEC2ContainerServiceRole",
                            "role": "ecs_service_role"
                        },
                        "meta": {},
                        "tainted": false
                    },
                    "deposed": [],
                    "provider": "provider.aws"
                },
                "aws_iam_user.terraform_user": {
                    "type": "aws_iam_user",
                    "depends_on": [],
                    "primary": {
                        "id": "terraform_user",
                        "attributes": {
                            "arn": "arn:aws:iam::461765898217:user/terraform_user",
                            "force_destroy": "false",
                            "id": "terraform_user",
                            "name": "terraform_user",
                            "path": "/",
                            "tags.%": "0",
                            "unique_id": "AIDAWXA3EN7U75BXTINWO"
                        },
                        "meta": {},
                        "tainted": false
                    },
                    "deposed": [],
                    "provider": "provider.aws"
                },
                "aws_internet_gateway.terraform_internet_gateway": {
                    "type": "aws_internet_gateway",
                    "depends_on": [
                        "aws_vpc.terraform_vpc"
                    ],
                    "primary": {
                        "id": "igw-0a71b21dc9d87f0b8",
                        "attributes": {
                            "id": "igw-0a71b21dc9d87f0b8",
                            "owner_id": "461765898217",
                            "tags.%": "1",
                            "tags.Name": "terraform_internet_gateway",
                            "vpc_id": "vpc-00996c23fa8a96273"
                        },
                        "meta": {},
                        "tainted": false
                    },
                    "deposed": [],
                    "provider": "provider.aws"
                },
                "aws_launch_configuration.terraform_cluster_lc": {
                    "type": "aws_launch_configuration",
                    "depends_on": [
                        "aws_iam_instance_profile.ecs_ec2_instance_profile",
                        "aws_security_group.terraform_ecs_security_group",
                        "data.aws_ami.latest_ecs",
                        "data.template_file.ecs-cluster"
                    ],
                    "primary": {
                        "id": "terraform_cluster_lc20190412131411101800000010",
                        "attributes": {
                            "associate_public_ip_address": "true",
                            "ebs_block_device.#": "0",
                            "ebs_optimized": "false",
                            "enable_monitoring": "true",
                            "ephemeral_block_device.#": "0",
                            "iam_instance_profile": "ecs_ec2_instance_profile",
                            "id": "terraform_cluster_lc20190412131411101800000010",
                            "image_id": "ami-01a82c3fce2c3ba58",
                            "instance_type": "t2.medium",
                            "key_name": "",
                            "name": "terraform_cluster_lc20190412131411101800000010",
                            "name_prefix": "terraform_cluster_lc",
                            "root_block_device.#": "0",
                            "security_groups.#": "1",
                            "security_groups.2787947068": "sg-065abf8dd75251f09",
                            "spot_price": "",
                            "user_data": "e395f59735cd657dd0126802d271f12a9fe57e5d",
                            "vpc_classic_link_id": "",
                            "vpc_classic_link_security_groups.#": "0"
                        },
                        "meta": {},
                        "tainted": false
                    },
                    "deposed": [],
                    "provider": "provider.aws"
                },
                "aws_route_table.terraform_route_public": {
                    "type": "aws_route_table",
                    "depends_on": [
                        "aws_internet_gateway.terraform_internet_gateway",
                        "aws_vpc.terraform_vpc"
                    ],
                    "primary": {
                        "id": "rtb-0f39def07bb4c257e",
                        "attributes": {
                            "id": "rtb-0f39def07bb4c257e",
                            "owner_id": "461765898217",
                            "propagating_vgws.#": "0",
                            "route.#": "1",
                            "route.2029772921.cidr_block": "0.0.0.0/0",
                            "route.2029772921.egress_only_gateway_id": "",
                            "route.2029772921.gateway_id": "igw-0a71b21dc9d87f0b8",
                            "route.2029772921.instance_id": "",
                            "route.2029772921.ipv6_cidr_block": "",
                            "route.2029772921.nat_gateway_id": "",
                            "route.2029772921.network_interface_id": "",
                            "route.2029772921.transit_gateway_id": "",
                            "route.2029772921.vpc_peering_connection_id": "",
                            "tags.%": "1",
                            "tags.Name": "terraform_route_public",
                            "vpc_id": "vpc-00996c23fa8a96273"
                        },
                        "meta": {},
                        "tainted": false
                    },
                    "deposed": [],
                    "provider": "provider.aws"
                },
                "aws_route_table_association.terraform_public_1": {
                    "type": "aws_route_table_association",
                    "depends_on": [
                        "aws_route_table.terraform_route_public",
                        "aws_subnet.terraform_subnet_public_1"
                    ],
                    "primary": {
                        "id": "rtbassoc-0f171a307ff3eb087",
                        "attributes": {
                            "id": "rtbassoc-0f171a307ff3eb087",
                            "route_table_id": "rtb-0f39def07bb4c257e",
                            "subnet_id": "subnet-0610623b0b569b193"
                        },
                        "meta": {},
                        "tainted": false
                    },
                    "deposed": [],
                    "provider": "provider.aws"
                },
                "aws_route_table_association.terraform_public_2": {
                    "type": "aws_route_table_association",
                    "depends_on": [
                        "aws_route_table.terraform_route_public",
                        "aws_subnet.terraform_subnet_public_2"
                    ],
                    "primary": {
                        "id": "rtbassoc-06712eb8de281e343",
                        "attributes": {
                            "id": "rtbassoc-06712eb8de281e343",
                            "route_table_id": "rtb-0f39def07bb4c257e",
                            "subnet_id": "subnet-031f2082e70fb56f0"
                        },
                        "meta": {},
                        "tainted": false
                    },
                    "deposed": [],
                    "provider": "provider.aws"
                },
                "aws_route_table_association.terraform_public_3": {
                    "type": "aws_route_table_association",
                    "depends_on": [
                        "aws_route_table.terraform_route_public",
                        "aws_subnet.terraform_subnet_public_3"
                    ],
                    "primary": {
                        "id": "rtbassoc-0738a152f1a85de93",
                        "attributes": {
                            "id": "rtbassoc-0738a152f1a85de93",
                            "route_table_id": "rtb-0f39def07bb4c257e",
                            "subnet_id": "subnet-0901d94d66975c8af"
                        },
                        "meta": {},
                        "tainted": false
                    },
                    "deposed": [],
                    "provider": "provider.aws"
                },
                "aws_security_group.terraform_ecs_security_group": {
                    "type": "aws_security_group",
                    "depends_on": [
                        "aws_security_group.terraform_elb_security_group",
                        "aws_vpc.terraform_vpc"
                    ],
                    "primary": {
                        "id": "sg-065abf8dd75251f09",
                        "attributes": {
                            "arn": "arn:aws:ec2:us-west-2:461765898217:security-group/sg-065abf8dd75251f09",
                            "description": "Baseados lo loadbalancer e liberando demais portas da instancia EC2 por baixo.",
                            "egress.#": "1",
                            "egress.3483629482.cidr_blocks.#": "1",
                            "egress.3483629482.cidr_blocks.0": "0.0.0.0/0",
                            "egress.3483629482.description": "",
                            "egress.3483629482.from_port": "0",
                            "egress.3483629482.ipv6_cidr_blocks.#": "0",
                            "egress.3483629482.prefix_list_ids.#": "0",
                            "egress.3483629482.protocol": "tcp",
                            "egress.3483629482.security_groups.#": "0",
                            "egress.3483629482.self": "false",
                            "egress.3483629482.to_port": "0",
                            "id": "sg-065abf8dd75251f09",
                            "ingress.#": "1",
                            "ingress.4107292689.cidr_blocks.#": "0",
                            "ingress.4107292689.description": "Acessados pelo loadbalancer configurado.",
                            "ingress.4107292689.from_port": "32768",
                            "ingress.4107292689.ipv6_cidr_blocks.#": "0",
                            "ingress.4107292689.prefix_list_ids.#": "0",
                            "ingress.4107292689.protocol": "tcp",
                            "ingress.4107292689.security_groups.#": "1",
                            "ingress.4107292689.security_groups.4030440843": "sg-0c0380899c7f7b131",
                            "ingress.4107292689.self": "false",
                            "ingress.4107292689.to_port": "65535",
                            "name": "terraform_ecs_security_group",
                            "owner_id": "461765898217",
                            "revoke_rules_on_delete": "false",
                            "tags.%": "0",
                            "vpc_id": "vpc-00996c23fa8a96273"
                        },
                        "meta": {
                            "e2bfb730-ecaa-11e6-8f88-34363bc7c4c0": {
                                "create": 600000000000,
                                "delete": 600000000000
                            },
                            "schema_version": "1"
                        },
                        "tainted": false
                    },
                    "deposed": [],
                    "provider": "provider.aws"
                },
                "aws_security_group.terraform_elb_security_group": {
                    "type": "aws_security_group",
                    "depends_on": [
                        "aws_vpc.terraform_vpc"
                    ],
                    "primary": {
                        "id": "sg-0c0380899c7f7b131",
                        "attributes": {
                            "arn": "arn:aws:ec2:us-west-2:461765898217:security-group/sg-0c0380899c7f7b131",
                            "description": "Grupo de seguranca do loadbalancer.",
                            "egress.#": "1",
                            "egress.1986995490.cidr_blocks.#": "1",
                            "egress.1986995490.cidr_blocks.0": "0.0.0.0/0",
                            "egress.1986995490.description": "",
                            "egress.1986995490.from_port": "0",
                            "egress.1986995490.ipv6_cidr_blocks.#": "1",
                            "egress.1986995490.ipv6_cidr_blocks.0": "::/0",
                            "egress.1986995490.prefix_list_ids.#": "0",
                            "egress.1986995490.protocol": "-1",
                            "egress.1986995490.security_groups.#": "0",
                            "egress.1986995490.self": "false",
                            "egress.1986995490.to_port": "0",
                            "id": "sg-0c0380899c7f7b131",
                            "ingress.#": "1",
                            "ingress.2214680975.cidr_blocks.#": "1",
                            "ingress.2214680975.cidr_blocks.0": "0.0.0.0/0",
                            "ingress.2214680975.description": "",
                            "ingress.2214680975.from_port": "80",
                            "ingress.2214680975.ipv6_cidr_blocks.#": "0",
                            "ingress.2214680975.prefix_list_ids.#": "0",
                            "ingress.2214680975.protocol": "tcp",
                            "ingress.2214680975.security_groups.#": "0",
                            "ingress.2214680975.self": "false",
                            "ingress.2214680975.to_port": "80",
                            "name": "terraform_elb_security_group",
                            "owner_id": "461765898217",
                            "revoke_rules_on_delete": "false",
                            "tags.%": "0",
                            "vpc_id": "vpc-00996c23fa8a96273"
                        },
                        "meta": {
                            "e2bfb730-ecaa-11e6-8f88-34363bc7c4c0": {
                                "create": 600000000000,
                                "delete": 600000000000
                            },
                            "schema_version": "1"
                        },
                        "tainted": false
                    },
                    "deposed": [],
                    "provider": "provider.aws"
                },
                "aws_subnet.terraform_subnet_private_1": {
                    "type": "aws_subnet",
                    "depends_on": [
                        "aws_vpc.terraform_vpc"
                    ],
                    "primary": {
                        "id": "subnet-0a70690cd4ede8de4",
                        "attributes": {
                            "arn": "arn:aws:ec2:us-west-2:461765898217:subnet/subnet-0a70690cd4ede8de4",
                            "assign_ipv6_address_on_creation": "false",
                            "availability_zone": "us-west-2a",
                            "availability_zone_id": "usw2-az2",
                            "cidr_block": "172.21.40.0/24",
                            "id": "subnet-0a70690cd4ede8de4",
                            "ipv6_cidr_block": "",
                            "ipv6_cidr_block_association_id": "",
                            "map_public_ip_on_launch": "false",
                            "owner_id": "461765898217",
                            "tags.%": "1",
                            "tags.Name": "terraform_subnet_private_1",
                            "vpc_id": "vpc-00996c23fa8a96273"
                        },
                        "meta": {
                            "e2bfb730-ecaa-11e6-8f88-34363bc7c4c0": {
                                "create": 600000000000,
                                "delete": 600000000000
                            },
                            "schema_version": "1"
                        },
                        "tainted": false
                    },
                    "deposed": [],
                    "provider": "provider.aws"
                },
                "aws_subnet.terraform_subnet_private_2": {
                    "type": "aws_subnet",
                    "depends_on": [
                        "aws_vpc.terraform_vpc"
                    ],
                    "primary": {
                        "id": "subnet-0f83e48a92408304d",
                        "attributes": {
                            "arn": "arn:aws:ec2:us-west-2:461765898217:subnet/subnet-0f83e48a92408304d",
                            "assign_ipv6_address_on_creation": "false",
                            "availability_zone": "us-west-2b",
                            "availability_zone_id": "usw2-az1",
                            "cidr_block": "172.21.50.0/24",
                            "id": "subnet-0f83e48a92408304d",
                            "ipv6_cidr_block": "",
                            "ipv6_cidr_block_association_id": "",
                            "map_public_ip_on_launch": "false",
                            "owner_id": "461765898217",
                            "tags.%": "1",
                            "tags.Name": "terraform_subnet_private_2",
                            "vpc_id": "vpc-00996c23fa8a96273"
                        },
                        "meta": {
                            "e2bfb730-ecaa-11e6-8f88-34363bc7c4c0": {
                                "create": 600000000000,
                                "delete": 600000000000
                            },
                            "schema_version": "1"
                        },
                        "tainted": false
                    },
                    "deposed": [],
                    "provider": "provider.aws"
                },
                "aws_subnet.terraform_subnet_private_3": {
                    "type": "aws_subnet",
                    "depends_on": [
                        "aws_vpc.terraform_vpc"
                    ],
                    "primary": {
                        "id": "subnet-063a8416abc352ff5",
                        "attributes": {
                            "arn": "arn:aws:ec2:us-west-2:461765898217:subnet/subnet-063a8416abc352ff5",
                            "assign_ipv6_address_on_creation": "false",
                            "availability_zone": "us-west-2c",
                            "availability_zone_id": "usw2-az3",
                            "cidr_block": "172.21.60.0/24",
                            "id": "subnet-063a8416abc352ff5",
                            "ipv6_cidr_block": "",
                            "ipv6_cidr_block_association_id": "",
                            "map_public_ip_on_launch": "false",
                            "owner_id": "461765898217",
                            "tags.%": "1",
                            "tags.Name": "terraform_subnet_private_3",
                            "vpc_id": "vpc-00996c23fa8a96273"
                        },
                        "meta": {
                            "e2bfb730-ecaa-11e6-8f88-34363bc7c4c0": {
                                "create": 600000000000,
                                "delete": 600000000000
                            },
                            "schema_version": "1"
                        },
                        "tainted": false
                    },
                    "deposed": [],
                    "provider": "provider.aws"
                },
                "aws_subnet.terraform_subnet_public_1": {
                    "type": "aws_subnet",
                    "depends_on": [
                        "aws_vpc.terraform_vpc"
                    ],
                    "primary": {
                        "id": "subnet-0610623b0b569b193",
                        "attributes": {
                            "arn": "arn:aws:ec2:us-west-2:461765898217:subnet/subnet-0610623b0b569b193",
                            "assign_ipv6_address_on_creation": "false",
                            "availability_zone": "us-west-2a",
                            "availability_zone_id": "usw2-az2",
                            "cidr_block": "172.21.10.0/24",
                            "id": "subnet-0610623b0b569b193",
                            "ipv6_cidr_block": "",
                            "ipv6_cidr_block_association_id": "",
                            "map_public_ip_on_launch": "true",
                            "owner_id": "461765898217",
                            "tags.%": "1",
                            "tags.Name": "terraform_subnet_public_1",
                            "vpc_id": "vpc-00996c23fa8a96273"
                        },
                        "meta": {
                            "e2bfb730-ecaa-11e6-8f88-34363bc7c4c0": {
                                "create": 600000000000,
                                "delete": 600000000000
                            },
                            "schema_version": "1"
                        },
                        "tainted": false
                    },
                    "deposed": [],
                    "provider": "provider.aws"
                },
                "aws_subnet.terraform_subnet_public_2": {
                    "type": "aws_subnet",
                    "depends_on": [
                        "aws_vpc.terraform_vpc"
                    ],
                    "primary": {
                        "id": "subnet-031f2082e70fb56f0",
                        "attributes": {
                            "arn": "arn:aws:ec2:us-west-2:461765898217:subnet/subnet-031f2082e70fb56f0",
                            "assign_ipv6_address_on_creation": "false",
                            "availability_zone": "us-west-2b",
                            "availability_zone_id": "usw2-az1",
                            "cidr_block": "172.21.20.0/24",
                            "id": "subnet-031f2082e70fb56f0",
                            "ipv6_cidr_block": "",
                            "ipv6_cidr_block_association_id": "",
                            "map_public_ip_on_launch": "true",
                            "owner_id": "461765898217",
                            "tags.%": "1",
                            "tags.Name": "terraform_subnet_public_2",
                            "vpc_id": "vpc-00996c23fa8a96273"
                        },
                        "meta": {
                            "e2bfb730-ecaa-11e6-8f88-34363bc7c4c0": {
                                "create": 600000000000,
                                "delete": 600000000000
                            },
                            "schema_version": "1"
                        },
                        "tainted": false
                    },
                    "deposed": [],
                    "provider": "provider.aws"
                },
                "aws_subnet.terraform_subnet_public_3": {
                    "type": "aws_subnet",
                    "depends_on": [
                        "aws_vpc.terraform_vpc"
                    ],
                    "primary": {
                        "id": "subnet-0901d94d66975c8af",
                        "attributes": {
                            "arn": "arn:aws:ec2:us-west-2:461765898217:subnet/subnet-0901d94d66975c8af",
                            "assign_ipv6_address_on_creation": "false",
                            "availability_zone": "us-west-2c",
                            "availability_zone_id": "usw2-az3",
                            "cidr_block": "172.21.30.0/24",
                            "id": "subnet-0901d94d66975c8af",
                            "ipv6_cidr_block": "",
                            "ipv6_cidr_block_association_id": "",
                            "map_public_ip_on_launch": "true",
                            "owner_id": "461765898217",
                            "tags.%": "1",
                            "tags.Name": "terraform_subnet_public_3",
                            "vpc_id": "vpc-00996c23fa8a96273"
                        },
                        "meta": {
                            "e2bfb730-ecaa-11e6-8f88-34363bc7c4c0": {
                                "create": 600000000000,
                                "delete": 600000000000
                            },
                            "schema_version": "1"
                        },
                        "tainted": false
                    },
                    "deposed": [],
                    "provider": "provider.aws"
                },
                "aws_vpc.terraform_vpc": {
                    "type": "aws_vpc",
                    "depends_on": [],
                    "primary": {
                        "id": "vpc-00996c23fa8a96273",
                        "attributes": {
                            "arn": "arn:aws:ec2:us-west-2:461765898217:vpc/vpc-00996c23fa8a96273",
                            "assign_generated_ipv6_cidr_block": "false",
                            "cidr_block": "172.21.0.0/16",
                            "default_network_acl_id": "acl-014da3d0dbb5c6022",
                            "default_route_table_id": "rtb-050acf577f0549b98",
                            "default_security_group_id": "sg-0c13e5ab78a56faf4",
                            "dhcp_options_id": "dopt-a6489cde",
                            "enable_classiclink": "false",
                            "enable_classiclink_dns_support": "false",
                            "enable_dns_hostnames": "true",
                            "enable_dns_support": "true",
                            "id": "vpc-00996c23fa8a96273",
                            "instance_tenancy": "default",
                            "ipv6_association_id": "",
                            "ipv6_cidr_block": "",
                            "main_route_table_id": "rtb-050acf577f0549b98",
                            "owner_id": "461765898217",
                            "tags.%": "1",
                            "tags.Name": "terraform_vpc"
                        },
                        "meta": {
                            "schema_version": "1"
                        },
                        "tainted": false
                    },
                    "deposed": [],
                    "provider": "provider.aws"
                },
                "data.aws_ami.latest_ecs": {
                    "type": "aws_ami",
                    "depends_on": [],
                    "primary": {
                        "id": "ami-01a82c3fce2c3ba58",
                        "attributes": {
                            "architecture": "x86_64",
                            "block_device_mappings.#": "2",
                            "block_device_mappings.2538004115.device_name": "/dev/xvdcz",
                            "block_device_mappings.2538004115.ebs.%": "6",
                            "block_device_mappings.2538004115.ebs.delete_on_termination": "true",
                            "block_device_mappings.2538004115.ebs.encrypted": "false",
                            "block_device_mappings.2538004115.ebs.iops": "0",
                            "block_device_mappings.2538004115.ebs.snapshot_id": "",
                            "block_device_mappings.2538004115.ebs.volume_size": "22",
                            "block_device_mappings.2538004115.ebs.volume_type": "gp2",
                            "block_device_mappings.2538004115.no_device": "",
                            "block_device_mappings.2538004115.virtual_name": "",
                            "block_device_mappings.340275815.device_name": "/dev/xvda",
                            "block_device_mappings.340275815.ebs.%": "6",
                            "block_device_mappings.340275815.ebs.delete_on_termination": "true",
                            "block_device_mappings.340275815.ebs.encrypted": "false",
                            "block_device_mappings.340275815.ebs.iops": "0",
                            "block_device_mappings.340275815.ebs.snapshot_id": "snap-0ac980db94cd744b6",
                            "block_device_mappings.340275815.ebs.volume_size": "8",
                            "block_device_mappings.340275815.ebs.volume_type": "gp2",
                            "block_device_mappings.340275815.no_device": "",
                            "block_device_mappings.340275815.virtual_name": "",
                            "creation_date": "2019-04-03T21:56:10.000Z",
                            "description": "Amazon Linux AMI 2018.03.p x86_64 ECS HVM GP2",
                            "filter.#": "2",
                            "filter.1206429088.name": "name",
                            "filter.1206429088.values.#": "1",
                            "filter.1206429088.values.0": "*amazon-ecs-optimized",
                            "filter.490168357.name": "virtualization-type",
                            "filter.490168357.values.#": "1",
                            "filter.490168357.values.0": "hvm",
                            "hypervisor": "xen",
                            "id": "ami-01a82c3fce2c3ba58",
                            "image_id": "ami-01a82c3fce2c3ba58",
                            "image_location": "amazon/amzn-ami-2018.03.p-amazon-ecs-optimized",
                            "image_owner_alias": "amazon",
                            "image_type": "machine",
                            "most_recent": "true",
                            "name": "amzn-ami-2018.03.p-amazon-ecs-optimized",
                            "owner_id": "591542846629",
                            "owners.#": "1",
                            "owners.0": "591542846629",
                            "product_codes.#": "0",
                            "public": "true",
                            "root_device_name": "/dev/xvda",
                            "root_device_type": "ebs",
                            "root_snapshot_id": "snap-0ac980db94cd744b6",
                            "sriov_net_support": "simple",
                            "state": "available",
                            "state_reason.%": "2",
                            "state_reason.code": "UNSET",
                            "state_reason.message": "UNSET",
                            "tags.%": "0",
                            "virtualization_type": "hvm"
                        },
                        "meta": {},
                        "tainted": false
                    },
                    "deposed": [],
                    "provider": "provider.aws"
                },
                "data.template_file.ecs-cluster": {
                    "type": "template_file",
                    "depends_on": [
                        "aws_ecs_cluster.terraform_cluster"
                    ],
                    "primary": {
                        "id": "a1942f6571d1df81815b87b3e5b4e6c5415c6f3635dac090b45937e1e029c872",
                        "attributes": {
                            "id": "a1942f6571d1df81815b87b3e5b4e6c5415c6f3635dac090b45937e1e029c872",
                            "rendered": "#!/bin/bash\necho ECS_CLUSTER=terraform_cluster \u003e\u003e /etc/ecs/ecs.config",
                            "template": "#!/bin/bash\necho ECS_CLUSTER=${ecs_cluster} \u003e\u003e /etc/ecs/ecs.config",
                            "vars.%": "1",
                            "vars.ecs_cluster": "terraform_cluster"
                        },
                        "meta": {},
                        "tainted": false
                    },
                    "deposed": [],
                    "provider": "provider.template"
                }
            },
            "depends_on": []
        },
        {
            "path": [
                "root",
                "ecs_push_pipeline"
            ],
            "outputs": {
                "badge_url": {
                    "sensitive": false,
                    "type": "string",
                    "value": ""
                },
                "webhook_id": {
                    "sensitive": false,
                    "type": "string",
                    "value": "arn:aws:codepipeline:us-west-2:461765898217:webhook:eg-staging-app-codepipeline"
                },
                "webhook_url": {
                    "sensitive": true,
                    "type": "string",
                    "value": "https://us-west-2.webhooks.aws/trigger?t=eyJlbmNyeXB0ZWREYXRhIjoiaDVHRm5GUDdxY2NtaWVLdWdzTC9VTHNIbHVObzhhM0ZCYWJ5UENmU3Q3VFY0M1dRbkF5RzZZZ21pZmpxSkt6NlAzUW9CUzg1MGRpK0RyV0RPbGhoMnVjSTV5L09VK1A2d0VnSmdLU09hMmxValNPWlkyaWlta2w3MStRc1Z0SFBRSm9kcjBHNnEzZ3UyN01JSmVNYnBuK3lkNXlzRHNPWlhEcWVOOEJLVjhZVWJ3PT0iLCJpdlBhcmFtZXRlclNwZWMiOiJHOUZVSnVNdFhXUW8rYzcwIiwibWF0ZXJpYWxTZXRTZXJpYWwiOjF9\u0026v=1"
                }
            },
            "resources": {
                "aws_codepipeline.source_build_deploy": {
                    "type": "aws_codepipeline",
                    "depends_on": [
                        "aws_iam_role.default",
                        "aws_iam_role_policy_attachment.codebuild",
                        "aws_iam_role_policy_attachment.codebuild_s3",
                        "aws_iam_role_policy_attachment.default",
                        "aws_iam_role_policy_attachment.s3",
                        "aws_s3_bucket.default",
                        "local.enabled",
                        "module.build",
                        "module.codepipeline_label"
                    ],
                    "primary": {
                        "id": "eg-staging-app-codepipeline",
                        "attributes": {
                            "arn": "arn:aws:codepipeline:us-west-2:461765898217:eg-staging-app-codepipeline",
                            "artifact_store.#": "1",
                            "artifact_store.0.encryption_key.#": "0",
                            "artifact_store.0.location": "eg-staging-app-codepipeline",
                            "artifact_store.0.type": "S3",
                            "id": "eg-staging-app-codepipeline",
                            "name": "eg-staging-app-codepipeline",
                            "role_arn": "arn:aws:iam::461765898217:role/eg-staging-app-codepipeline-assume",
                            "stage.#": "3",
                            "stage.0.action.#": "1",
                            "stage.0.action.0.category": "Source",
                            "stage.0.action.0.configuration.%": "4",
                            "stage.0.action.0.configuration.Branch": "master",
                            "stage.0.action.0.configuration.Owner": "italodeveloper",
                            "stage.0.action.0.configuration.PollForSourceChanges": "false",
                            "stage.0.action.0.configuration.Repo": "expressive",
                            "stage.0.action.0.input_artifacts.#": "0",
                            "stage.0.action.0.name": "Source",
                            "stage.0.action.0.output_artifacts.#": "1",
                            "stage.0.action.0.output_artifacts.0": "code",
                            "stage.0.action.0.owner": "ThirdParty",
                            "stage.0.action.0.provider": "GitHub",
                            "stage.0.action.0.role_arn": "",
                            "stage.0.action.0.run_order": "1",
                            "stage.0.action.0.version": "1",
                            "stage.0.name": "Source",
                            "stage.1.action.#": "1",
                            "stage.1.action.0.category": "Build",
                            "stage.1.action.0.configuration.%": "1",
                            "stage.1.action.0.configuration.ProjectName": "eg-staging-app-build",
                            "stage.1.action.0.input_artifacts.#": "1",
                            "stage.1.action.0.input_artifacts.0": "code",
                            "stage.1.action.0.name": "Build",
                            "stage.1.action.0.output_artifacts.#": "1",
                            "stage.1.action.0.output_artifacts.0": "task",
                            "stage.1.action.0.owner": "AWS",
                            "stage.1.action.0.provider": "CodeBuild",
                            "stage.1.action.0.role_arn": "",
                            "stage.1.action.0.run_order": "1",
                            "stage.1.action.0.version": "1",
                            "stage.1.name": "Build",
                            "stage.2.action.#": "1",
                            "stage.2.action.0.category": "Deploy",
                            "stage.2.action.0.configuration.%": "2",
                            "stage.2.action.0.configuration.ClusterName": "terraform_cluster",
                            "stage.2.action.0.configuration.ServiceName": "terraform_ecs_service",
                            "stage.2.action.0.input_artifacts.#": "1",
                            "stage.2.action.0.input_artifacts.0": "task",
                            "stage.2.action.0.name": "Deploy",
                            "stage.2.action.0.output_artifacts.#": "0",
                            "stage.2.action.0.owner": "AWS",
                            "stage.2.action.0.provider": "ECS",
                            "stage.2.action.0.role_arn": "",
                            "stage.2.action.0.run_order": "1",
                            "stage.2.action.0.version": "1",
                            "stage.2.name": "Deploy"
                        },
                        "meta": {},
                        "tainted": false
                    },
                    "deposed": [],
                    "provider": "provider.aws"
                },
                "aws_codepipeline_webhook.webhook": {
                    "type": "aws_codepipeline_webhook",
                    "depends_on": [
                        "aws_codepipeline.source_build_deploy.*",
                        "local.enabled",
                        "local.webhook_secret",
                        "module.codepipeline_label"
                    ],
                    "primary": {
                        "id": "arn:aws:codepipeline:us-west-2:461765898217:webhook:eg-staging-app-codepipeline",
                        "attributes": {
                            "authentication": "GITHUB_HMAC",
                            "authentication_configuration.#": "1",
                            "authentication_configuration.0.allowed_ip_range": "",
                            "authentication_configuration.0.secret_token": "Nd9aL2kd8aCbJO6AlK0iayQRtuHs4km5",
                            "filter.#": "1",
                            "filter.4102671883.json_path": "$.ref",
                            "filter.4102671883.match_equals": "refs/heads/{Branch}",
                            "id": "arn:aws:codepipeline:us-west-2:461765898217:webhook:eg-staging-app-codepipeline",
                            "name": "eg-staging-app-codepipeline",
                            "target_action": "Source",
                            "target_pipeline": "eg-staging-app-codepipeline",
                            "url": "https://us-west-2.webhooks.aws/trigger?t=eyJlbmNyeXB0ZWREYXRhIjoiaDVHRm5GUDdxY2NtaWVLdWdzTC9VTHNIbHVObzhhM0ZCYWJ5UENmU3Q3VFY0M1dRbkF5RzZZZ21pZmpxSkt6NlAzUW9CUzg1MGRpK0RyV0RPbGhoMnVjSTV5L09VK1A2d0VnSmdLU09hMmxValNPWlkyaWlta2w3MStRc1Z0SFBRSm9kcjBHNnEzZ3UyN01JSmVNYnBuK3lkNXlzRHNPWlhEcWVOOEJLVjhZVWJ3PT0iLCJpdlBhcmFtZXRlclNwZWMiOiJHOUZVSnVNdFhXUW8rYzcwIiwibWF0ZXJpYWxTZXRTZXJpYWwiOjF9\u0026v=1"
                        },
                        "meta": {},
                        "tainted": false
                    },
                    "deposed": [],
                    "provider": "provider.aws"
                },
                "aws_iam_policy.codebuild": {
                    "type": "aws_iam_policy",
                    "depends_on": [
                        "data.aws_iam_policy_document.codebuild",
                        "local.enabled",
                        "module.codebuild_label"
                    ],
                    "primary": {
                        "id": "arn:aws:iam::461765898217:policy/eg-staging-app-codebuild",
                        "attributes": {
                            "arn": "arn:aws:iam::461765898217:policy/eg-staging-app-codebuild",
                            "description": "",
                            "id": "arn:aws:iam::461765898217:policy/eg-staging-app-codebuild",
                            "name": "eg-staging-app-codebuild",
                            "path": "/",
                            "policy": "{\n  \"Version\": \"2012-10-17\",\n  \"Statement\": [\n    {\n      \"Sid\": \"\",\n      \"Effect\": \"Allow\",\n      \"Action\": [\n        \"ecs:*\",\n        \"ecr:*\",\n        \"codebuild:*\"\n      ],\n      \"Resource\": \"arn:aws:codebuild:us-west-2:461765898217:project/eg-staging-app-build\"\n    }\n  ]\n}"
                        },
                        "meta": {},
                        "tainted": false
                    },
                    "deposed": [],
                    "provider": "provider.aws"
                },
                "aws_iam_policy.default": {
                    "type": "aws_iam_policy",
                    "depends_on": [
                        "data.aws_iam_policy_document.default",
                        "local.enabled",
                        "module.codepipeline_label"
                    ],
                    "primary": {
                        "id": "arn:aws:iam::461765898217:policy/eg-staging-app-codepipeline",
                        "attributes": {
                            "arn": "arn:aws:iam::461765898217:policy/eg-staging-app-codepipeline",
                            "description": "",
                            "id": "arn:aws:iam::461765898217:policy/eg-staging-app-codepipeline",
                            "name": "eg-staging-app-codepipeline",
                            "path": "/",
                            "policy": "{\n  \"Version\": \"2012-10-17\",\n  \"Statement\": [\n    {\n      \"Sid\": \"\",\n      \"Effect\": \"Allow\",\n      \"Action\": [\n        \"sqs:*\",\n        \"sns:*\",\n        \"s3:*\",\n        \"rds:*\",\n        \"iam:PassRole\",\n        \"elasticloadbalancing:*\",\n        \"ecs:*\",\n        \"ecr:*\",\n        \"ec2:*\",\n        \"cloudwatch:*\",\n        \"cloudformation:*\",\n        \"autoscaling:*\"\n      ],\n      \"Resource\": \"*\"\n    }\n  ]\n}"
                        },
                        "meta": {},
                        "tainted": false
                    },
                    "deposed": [],
                    "provider": "provider.aws"
                },
                "aws_iam_policy.s3": {
                    "type": "aws_iam_policy",
                    "depends_on": [
                        "data.aws_iam_policy_document.s3",
                        "local.enabled",
                        "module.codepipeline_s3_policy_label"
                    ],
                    "primary": {
                        "id": "arn:aws:iam::461765898217:policy/eg-staging-app-codepipeline-s3",
                        "attributes": {
                            "arn": "arn:aws:iam::461765898217:policy/eg-staging-app-codepipeline-s3",
                            "description": "",
                            "id": "arn:aws:iam::461765898217:policy/eg-staging-app-codepipeline-s3",
                            "name": "eg-staging-app-codepipeline-s3",
                            "path": "/",
                            "policy": "{\n  \"Version\": \"2012-10-17\",\n  \"Statement\": [\n    {\n      \"Sid\": \"\",\n      \"Effect\": \"Allow\",\n      \"Action\": [\n        \"s3:PutObject\",\n        \"s3:GetObjectVersion\",\n        \"s3:GetObject\",\n        \"s3:GetBucketVersioning\"\n      ],\n      \"Resource\": [\n        \"arn:aws:s3:::eg-staging-app-codepipeline/*\",\n        \"arn:aws:s3:::eg-staging-app-codepipeline\"\n      ]\n    }\n  ]\n}"
                        },
                        "meta": {},
                        "tainted": false
                    },
                    "deposed": [],
                    "provider": "provider.aws"
                },
                "aws_iam_role.default": {
                    "type": "aws_iam_role",
                    "depends_on": [
                        "data.aws_iam_policy_document.assume",
                        "local.enabled",
                        "module.codepipeline_assume_label"
                    ],
                    "primary": {
                        "id": "eg-staging-app-codepipeline-assume",
                        "attributes": {
                            "arn": "arn:aws:iam::461765898217:role/eg-staging-app-codepipeline-assume",
                            "assume_role_policy": "{\"Version\":\"2012-10-17\",\"Statement\":[{\"Sid\":\"\",\"Effect\":\"Allow\",\"Principal\":{\"Service\":\"codepipeline.amazonaws.com\"},\"Action\":\"sts:AssumeRole\"}]}",
                            "create_date": "2019-04-12T13:13:42Z",
                            "description": "",
                            "force_detach_policies": "false",
                            "id": "eg-staging-app-codepipeline-assume",
                            "max_session_duration": "3600",
                            "name": "eg-staging-app-codepipeline-assume",
                            "path": "/",
                            "tags.%": "0",
                            "unique_id": "AROAWXA3EN7U5WPU4HVQS"
                        },
                        "meta": {},
                        "tainted": false
                    },
                    "deposed": [],
                    "provider": "provider.aws"
                },
                "aws_iam_role_policy_attachment.AmazonEC2ContainerRegistryFullAccess": {
                    "type": "aws_iam_role_policy_attachment",
                    "depends_on": [
                        "module.build"
                    ],
                    "primary": {
                        "id": "eg-staging-app-build-20190412131345587600000008",
                        "attributes": {
                            "id": "eg-staging-app-build-20190412131345587600000008",
                            "policy_arn": "arn:aws:iam::aws:policy/AmazonEC2ContainerRegistryFullAccess",
                            "role": "eg-staging-app-build"
                        },
                        "meta": {},
                        "tainted": false
                    },
                    "deposed": [],
                    "provider": "provider.aws"
                },
                "aws_iam_role_policy_attachment.AmazonEC2ContainerServiceFullAccess": {
                    "type": "aws_iam_role_policy_attachment",
                    "depends_on": [
                        "module.build"
                    ],
                    "primary": {
                        "id": "eg-staging-app-build-2019041213134625720000000b",
                        "attributes": {
                            "id": "eg-staging-app-build-2019041213134625720000000b",
                            "policy_arn": "arn:aws:iam::aws:policy/AmazonEC2ContainerServiceFullAccess",
                            "role": "eg-staging-app-build"
                        },
                        "meta": {},
                        "tainted": false
                    },
                    "deposed": [],
                    "provider": "provider.aws"
                },
                "aws_iam_role_policy_attachment.AmazonECS_FullAccess": {
                    "type": "aws_iam_role_policy_attachment",
                    "depends_on": [
                        "module.build"
                    ],
                    "primary": {
                        "id": "eg-staging-app-build-20190412131345592600000009",
                        "attributes": {
                            "id": "eg-staging-app-build-20190412131345592600000009",
                            "policy_arn": "arn:aws:iam::aws:policy/AmazonECS_FullAccess",
                            "role": "eg-staging-app-build"
                        },
                        "meta": {},
                        "tainted": false
                    },
                    "deposed": [],
                    "provider": "provider.aws"
                },
                "aws_iam_role_policy_attachment.CodeBuildBasePolicy-builder-us-west-2": {
                    "type": "aws_iam_role_policy_attachment",
                    "depends_on": [
                        "module.build"
                    ],
                    "primary": {
                        "id": "eg-staging-app-build-2019041213134591950000000a",
                        "attributes": {
                            "id": "eg-staging-app-build-2019041213134591950000000a",
                            "policy_arn": "arn:aws:iam::461765898217:policy/service-role/CodeBuildBasePolicy-builder-us-west-2",
                            "role": "eg-staging-app-build"
                        },
                        "meta": {},
                        "tainted": false
                    },
                    "deposed": [],
                    "provider": "provider.aws"
                },
                "aws_iam_role_policy_attachment.codebuild": {
                    "type": "aws_iam_role_policy_attachment",
                    "depends_on": [
                        "aws_iam_policy.codebuild",
                        "aws_iam_role.default",
                        "local.enabled"
                    ],
                    "primary": {
                        "id": "eg-staging-app-codepipeline-assume-2019041213140352560000000f",
                        "attributes": {
                            "id": "eg-staging-app-codepipeline-assume-2019041213140352560000000f",
                            "policy_arn": "arn:aws:iam::461765898217:policy/eg-staging-app-codebuild",
                            "role": "eg-staging-app-codepipeline-assume"
                        },
                        "meta": {},
                        "tainted": false
                    },
                    "deposed": [],
                    "provider": "provider.aws"
                },
                "aws_iam_role_policy_attachment.codebuild_s3": {
                    "type": "aws_iam_role_policy_attachment",
                    "depends_on": [
                        "aws_iam_policy.s3",
                        "local.enabled",
                        "module.build"
                    ],
                    "primary": {
                        "id": "eg-staging-app-build-2019041213135896500000000d",
                        "attributes": {
                            "id": "eg-staging-app-build-2019041213135896500000000d",
                            "policy_arn": "arn:aws:iam::461765898217:policy/eg-staging-app-codepipeline-s3",
                            "role": "eg-staging-app-build"
                        },
                        "meta": {},
                        "tainted": false
                    },
                    "deposed": [],
                    "provider": "provider.aws"
                },
                "aws_iam_role_policy_attachment.default": {
                    "type": "aws_iam_role_policy_attachment",
                    "depends_on": [
                        "aws_iam_policy.default",
                        "aws_iam_role.default",
                        "local.enabled"
                    ],
                    "primary": {
                        "id": "eg-staging-app-codepipeline-assume-20190412131344976400000006",
                        "attributes": {
                            "id": "eg-staging-app-codepipeline-assume-20190412131344976400000006",
                            "policy_arn": "arn:aws:iam::461765898217:policy/eg-staging-app-codepipeline",
                            "role": "eg-staging-app-codepipeline-assume"
                        },
                        "meta": {},
                        "tainted": false
                    },
                    "deposed": [],
                    "provider": "provider.aws"
                },
                "aws_iam_role_policy_attachment.s3": {
                    "type": "aws_iam_role_policy_attachment",
                    "depends_on": [
                        "aws_iam_policy.s3",
                        "aws_iam_role.default",
                        "local.enabled"
                    ],
                    "primary": {
                        "id": "eg-staging-app-codepipeline-assume-2019041213135887800000000c",
                        "attributes": {
                            "id": "eg-staging-app-codepipeline-assume-2019041213135887800000000c",
                            "policy_arn": "arn:aws:iam::461765898217:policy/eg-staging-app-codepipeline-s3",
                            "role": "eg-staging-app-codepipeline-assume"
                        },
                        "meta": {},
                        "tainted": false
                    },
                    "deposed": [],
                    "provider": "provider.aws"
                },
                "aws_s3_bucket.default": {
                    "type": "aws_s3_bucket",
                    "depends_on": [
                        "local.enabled",
                        "module.codepipeline_label"
                    ],
                    "primary": {
                        "id": "eg-staging-app-codepipeline",
                        "attributes": {
                            "acceleration_status": "",
                            "acl": "private",
                            "arn": "arn:aws:s3:::eg-staging-app-codepipeline",
                            "bucket": "eg-staging-app-codepipeline",
                            "bucket_domain_name": "eg-staging-app-codepipeline.s3.amazonaws.com",
                            "bucket_regional_domain_name": "eg-staging-app-codepipeline.s3.us-west-2.amazonaws.com",
                            "cors_rule.#": "0",
                            "force_destroy": "false",
                            "hosted_zone_id": "Z3BJ6K6RIION7M",
                            "id": "eg-staging-app-codepipeline",
                            "lifecycle_rule.#": "0",
                            "logging.#": "0",
                            "object_lock_configuration.#": "0",
                            "region": "us-west-2",
                            "replication_configuration.#": "0",
                            "request_payer": "BucketOwner",
                            "server_side_encryption_configuration.#": "0",
                            "tags.%": "3",
                            "tags.Name": "eg-staging-app-codepipeline",
                            "tags.Namespace": "eg",
                            "tags.Stage": "staging",
                            "versioning.#": "1",
                            "versioning.0.enabled": "false",
                            "versioning.0.mfa_delete": "false",
                            "website.#": "0"
                        },
                        "meta": {},
                        "tainted": false
                    },
                    "deposed": [],
                    "provider": "provider.aws"
                },
                "data.aws_caller_identity.default": {
                    "type": "aws_caller_identity",
                    "depends_on": [],
                    "primary": {
                        "id": "2019-04-12 14:05:36.545757881 +0000 UTC",
                        "attributes": {
                            "account_id": "461765898217",
                            "arn": "arn:aws:iam::461765898217:user/italo",
                            "id": "2019-04-12 14:05:36.545757881 +0000 UTC",
                            "user_id": "AIDAIE2YS6V4FRAJY7I6C"
                        },
                        "meta": {},
                        "tainted": false
                    },
                    "deposed": [],
                    "provider": "provider.aws"
                },
                "data.aws_iam_policy_document.assume": {
                    "type": "aws_iam_policy_document",
                    "depends_on": [],
                    "primary": {
                        "id": "382154967",
                        "attributes": {
                            "id": "382154967",
                            "json": "{\n  \"Version\": \"2012-10-17\",\n  \"Statement\": [\n    {\n      \"Sid\": \"\",\n      \"Effect\": \"Allow\",\n      \"Action\": \"sts:AssumeRole\",\n      \"Principal\": {\n        \"Service\": \"codepipeline.amazonaws.com\"\n      }\n    }\n  ]\n}",
                            "statement.#": "1",
                            "statement.0.actions.#": "1",
                            "statement.0.actions.2528466339": "sts:AssumeRole",
                            "statement.0.condition.#": "0",
                            "statement.0.effect": "Allow",
                            "statement.0.not_actions.#": "0",
                            "statement.0.not_principals.#": "0",
                            "statement.0.not_resources.#": "0",
                            "statement.0.principals.#": "1",
                            "statement.0.principals.3454473605.identifiers.#": "1",
                            "statement.0.principals.3454473605.identifiers.2032380253": "codepipeline.amazonaws.com",
                            "statement.0.principals.3454473605.type": "Service",
                            "statement.0.resources.#": "0",
                            "statement.0.sid": "",
                            "version": "2012-10-17"
                        },
                        "meta": {},
                        "tainted": false
                    },
                    "deposed": [],
                    "provider": "provider.aws"
                },
                "data.aws_iam_policy_document.codebuild": {
                    "type": "aws_iam_policy_document",
                    "depends_on": [
                        "module.build"
                    ],
                    "primary": {
                        "id": "3372252926",
                        "attributes": {
                            "id": "3372252926",
                            "json": "{\n  \"Version\": \"2012-10-17\",\n  \"Statement\": [\n    {\n      \"Sid\": \"\",\n      \"Effect\": \"Allow\",\n      \"Action\": [\n        \"ecs:*\",\n        \"ecr:*\",\n        \"codebuild:*\"\n      ],\n      \"Resource\": \"arn:aws:codebuild:us-west-2:461765898217:project/eg-staging-app-build\"\n    }\n  ]\n}",
                            "statement.#": "1",
                            "statement.0.actions.#": "3",
                            "statement.0.actions.29564810": "ecr:*",
                            "statement.0.actions.3112138991": "ecs:*",
                            "statement.0.actions.900907778": "codebuild:*",
                            "statement.0.condition.#": "0",
                            "statement.0.effect": "Allow",
                            "statement.0.not_actions.#": "0",
                            "statement.0.not_principals.#": "0",
                            "statement.0.not_resources.#": "0",
                            "statement.0.principals.#": "0",
                            "statement.0.resources.#": "1",
                            "statement.0.resources.2298502691": "arn:aws:codebuild:us-west-2:461765898217:project/eg-staging-app-build",
                            "statement.0.sid": "",
                            "version": "2012-10-17"
                        },
                        "meta": {},
                        "tainted": false
                    },
                    "deposed": [],
                    "provider": "provider.aws"
                },
                "data.aws_iam_policy_document.default": {
                    "type": "aws_iam_policy_document",
                    "depends_on": [],
                    "primary": {
                        "id": "3911145467",
                        "attributes": {
                            "id": "3911145467",
                            "json": "{\n  \"Version\": \"2012-10-17\",\n  \"Statement\": [\n    {\n      \"Sid\": \"\",\n      \"Effect\": \"Allow\",\n      \"Action\": [\n        \"sqs:*\",\n        \"sns:*\",\n        \"s3:*\",\n        \"rds:*\",\n        \"iam:PassRole\",\n        \"elasticloadbalancing:*\",\n        \"ecs:*\",\n        \"ecr:*\",\n        \"ec2:*\",\n        \"cloudwatch:*\",\n        \"cloudformation:*\",\n        \"autoscaling:*\"\n      ],\n      \"Resource\": \"*\"\n    }\n  ]\n}",
                            "statement.#": "1",
                            "statement.0.actions.#": "12",
                            "statement.0.actions.1834123015": "s3:*",
                            "statement.0.actions.1993366923": "sqs:*",
                            "statement.0.actions.2257256399": "cloudformation:*",
                            "statement.0.actions.2410490405": "cloudwatch:*",
                            "statement.0.actions.2489343448": "sns:*",
                            "statement.0.actions.2597799863": "ec2:*",
                            "statement.0.actions.29564810": "ecr:*",
                            "statement.0.actions.3112138991": "ecs:*",
                            "statement.0.actions.361535196": "rds:*",
                            "statement.0.actions.3725379174": "elasticloadbalancing:*",
                            "statement.0.actions.4085323898": "autoscaling:*",
                            "statement.0.actions.646648939": "iam:PassRole",
                            "statement.0.condition.#": "0",
                            "statement.0.effect": "Allow",
                            "statement.0.not_actions.#": "0",
                            "statement.0.not_principals.#": "0",
                            "statement.0.not_resources.#": "0",
                            "statement.0.principals.#": "0",
                            "statement.0.resources.#": "1",
                            "statement.0.resources.2679715827": "*",
                            "statement.0.sid": "",
                            "version": "2012-10-17"
                        },
                        "meta": {},
                        "tainted": false
                    },
                    "deposed": [],
                    "provider": "provider.aws"
                },
                "data.aws_iam_policy_document.s3": {
                    "type": "aws_iam_policy_document",
                    "depends_on": [
                        "aws_s3_bucket.default",
                        "local.enabled"
                    ],
                    "primary": {
                        "id": "3866036581",
                        "attributes": {
                            "id": "3866036581",
                            "json": "{\n  \"Version\": \"2012-10-17\",\n  \"Statement\": [\n    {\n      \"Sid\": \"\",\n      \"Effect\": \"Allow\",\n      \"Action\": [\n        \"s3:PutObject\",\n        \"s3:GetObjectVersion\",\n        \"s3:GetObject\",\n        \"s3:GetBucketVersioning\"\n      ],\n      \"Resource\": [\n        \"arn:aws:s3:::eg-staging-app-codepipeline/*\",\n        \"arn:aws:s3:::eg-staging-app-codepipeline\"\n      ]\n    }\n  ]\n}",
                            "statement.#": "1",
                            "statement.0.actions.#": "4",
                            "statement.0.actions.2071725391": "s3:GetObject",
                            "statement.0.actions.315547055": "s3:PutObject",
                            "statement.0.actions.3372930952": "s3:GetBucketVersioning",
                            "statement.0.actions.3671464554": "s3:GetObjectVersion",
                            "statement.0.condition.#": "0",
                            "statement.0.effect": "Allow",
                            "statement.0.not_actions.#": "0",
                            "statement.0.not_principals.#": "0",
                            "statement.0.not_resources.#": "0",
                            "statement.0.principals.#": "0",
                            "statement.0.resources.#": "2",
                            "statement.0.resources.2194230941": "arn:aws:s3:::eg-staging-app-codepipeline/*",
                            "statement.0.resources.2759356422": "arn:aws:s3:::eg-staging-app-codepipeline",
                            "statement.0.sid": "",
                            "version": "2012-10-17"
                        },
                        "meta": {},
                        "tainted": false
                    },
                    "deposed": [],
                    "provider": "provider.aws"
                },
                "data.aws_region.default": {
                    "type": "aws_region",
                    "depends_on": [],
                    "primary": {
                        "id": "us-west-2",
                        "attributes": {
                            "description": "US West (Oregon)",
                            "endpoint": "ec2.us-west-2.amazonaws.com",
                            "id": "us-west-2",
                            "name": "us-west-2"
                        },
                        "meta": {},
                        "tainted": false
                    },
                    "deposed": [],
                    "provider": "provider.aws"
                },
                "random_string.webhook_secret": {
                    "type": "random_string",
                    "depends_on": [
                        "local.enabled"
                    ],
                    "primary": {
                        "id": "none",
                        "attributes": {
                            "id": "none",
                            "length": "32",
                            "lower": "true",
                            "min_lower": "0",
                            "min_numeric": "0",
                            "min_special": "0",
                            "min_upper": "0",
                            "number": "true",
                            "result": "Nd9aL2kd8aCbJO6AlK0iayQRtuHs4km5",
                            "special": "false",
                            "upper": "true"
                        },
                        "meta": {
                            "schema_version": "1"
                        },
                        "tainted": false
                    },
                    "deposed": [],
                    "provider": "provider.random"
                }
            },
            "depends_on": []
        },
        {
            "path": [
                "root",
                "ecs_push_pipeline",
                "build"
            ],
            "outputs": {
                "badge_url": {
                    "sensitive": false,
                    "type": "string",
                    "value": ""
                },
                "cache_bucket_name": {
                    "sensitive": false,
                    "type": "string",
                    "value": "eg-staging-app-build-xmuddcdejeeg"
                },
                "project_id": {
                    "sensitive": false,
                    "type": "string",
                    "value": "arn:aws:codebuild:us-west-2:461765898217:project/eg-staging-app-build"
                },
                "project_name": {
                    "sensitive": false,
                    "type": "string",
                    "value": "eg-staging-app-build"
                },
                "role_arn": {
                    "sensitive": false,
                    "type": "string",
                    "value": "eg-staging-app-build"
                }
            },
            "resources": {
                "aws_codebuild_project.default": {
                    "type": "aws_codebuild_project",
                    "depends_on": [
                        "aws_iam_role.default",
                        "data.aws_caller_identity.default",
                        "data.aws_region.default",
                        "local.cache",
                        "module.label"
                    ],
                    "primary": {
                        "id": "arn:aws:codebuild:us-west-2:461765898217:project/eg-staging-app-build",
                        "attributes": {
                            "arn": "arn:aws:codebuild:us-west-2:461765898217:project/eg-staging-app-build",
                            "artifacts.#": "1",
                            "artifacts.2731293239.encryption_disabled": "false",
                            "artifacts.2731293239.location": "",
                            "artifacts.2731293239.name": "eg-staging-app-build",
                            "artifacts.2731293239.namespace_type": "",
                            "artifacts.2731293239.packaging": "NONE",
                            "artifacts.2731293239.path": "",
                            "artifacts.2731293239.type": "CODEPIPELINE",
                            "badge_enabled": "false",
                            "badge_url": "",
                            "build_timeout": "60",
                            "cache.#": "1",
                            "cache.0.location": "eg-staging-app-build-xmuddcdejeeg",
                            "cache.0.type": "S3",
                            "description": "",
                            "encryption_key": "arn:aws:kms:us-west-2:461765898217:alias/aws/s3",
                            "environment.#": "1",
                            "environment.2931639726.certificate": "",
                            "environment.2931639726.compute_type": "BUILD_GENERAL1_SMALL",
                            "environment.2931639726.environment_variable.#": "7",
                            "environment.2931639726.environment_variable.0.name": "AWS_REGION",
                            "environment.2931639726.environment_variable.0.type": "PLAINTEXT",
                            "environment.2931639726.environment_variable.0.value": "us-west-2",
                            "environment.2931639726.environment_variable.1.name": "AWS_ACCOUNT_ID",
                            "environment.2931639726.environment_variable.1.type": "PLAINTEXT",
                            "environment.2931639726.environment_variable.1.value": "461765898217",
                            "environment.2931639726.environment_variable.2.name": "IMAGE_REPO_NAME",
                            "environment.2931639726.environment_variable.2.type": "PLAINTEXT",
                            "environment.2931639726.environment_variable.2.value": "UNSET",
                            "environment.2931639726.environment_variable.3.name": "IMAGE_TAG",
                            "environment.2931639726.environment_variable.3.type": "PLAINTEXT",
                            "environment.2931639726.environment_variable.3.value": "latest",
                            "environment.2931639726.environment_variable.4.name": "STAGE",
                            "environment.2931639726.environment_variable.4.type": "PLAINTEXT",
                            "environment.2931639726.environment_variable.4.value": "staging",
                            "environment.2931639726.environment_variable.5.name": "GITHUB_TOKEN",
                            "environment.2931639726.environment_variable.5.type": "PLAINTEXT",
                            "environment.2931639726.environment_variable.5.value": "8dcd3f0bc064a5649768e7c38ce6fd59c9476678",
                            "environment.2931639726.environment_variable.6.name": "NO_ADDITIONAL_BUILD_VARS",
                            "environment.2931639726.environment_variable.6.type": "PLAINTEXT",
                            "environment.2931639726.environment_variable.6.value": "TRUE",
                            "environment.2931639726.image": "aws/codebuild/docker:18.09.0",
                            "environment.2931639726.image_pull_credentials_type": "CODEBUILD",
                            "environment.2931639726.privileged_mode": "true",
                            "environment.2931639726.type": "LINUX_CONTAINER",
                            "id": "arn:aws:codebuild:us-west-2:461765898217:project/eg-staging-app-build",
                            "name": "eg-staging-app-build",
                            "secondary_artifacts.#": "0",
                            "secondary_sources.#": "0",
                            "service_role": "arn:aws:iam::461765898217:role/eg-staging-app-build",
                            "source.#": "1",
                            "source.2840789208.auth.#": "0",
                            "source.2840789208.buildspec": "buildspec/buildspec.yml",
                            "source.2840789208.git_clone_depth": "0",
                            "source.2840789208.insecure_ssl": "false",
                            "source.2840789208.location": "",
                            "source.2840789208.report_build_status": "false",
                            "source.2840789208.type": "CODEPIPELINE",
                            "tags.%": "3",
                            "tags.Name": "eg-staging-app-build",
                            "tags.Namespace": "eg",
                            "tags.Stage": "staging",
                            "vpc_config.#": "0"
                        },
                        "meta": {},
                        "tainted": false
                    },
                    "deposed": [],
                    "provider": "provider.aws"
                },
                "aws_iam_policy.default": {
                    "type": "aws_iam_policy",
                    "depends_on": [
                        "data.aws_iam_policy_document.permissions",
                        "module.label"
                    ],
                    "primary": {
                        "id": "arn:aws:iam::461765898217:policy/service-role/eg-staging-app-build",
                        "attributes": {
                            "arn": "arn:aws:iam::461765898217:policy/service-role/eg-staging-app-build",
                            "description": "",
                            "id": "arn:aws:iam::461765898217:policy/service-role/eg-staging-app-build",
                            "name": "eg-staging-app-build",
                            "path": "/service-role/",
                            "policy": "{\n  \"Version\": \"2012-10-17\",\n  \"Statement\": [\n    {\n      \"Sid\": \"\",\n      \"Effect\": \"Allow\",\n      \"Action\": [\n        \"ssm:GetParameters\",\n        \"logs:PutLogEvents\",\n        \"logs:CreateLogStream\",\n        \"logs:CreateLogGroup\",\n        \"iam:PassRole\",\n        \"ecs:RunTask\",\n        \"ecr:UploadLayerPart\",\n        \"ecr:PutImage\",\n        \"ecr:InitiateLayerUpload\",\n        \"ecr:GetAuthorizationToken\",\n        \"ecr:CompleteLayerUpload\",\n        \"ecr:BatchCheckLayerAvailability\"\n      ],\n      \"Resource\": \"*\"\n    }\n  ]\n}"
                        },
                        "meta": {},
                        "tainted": false
                    },
                    "deposed": [],
                    "provider": "provider.aws"
                },
                "aws_iam_policy.default_cache_bucket": {
                    "type": "aws_iam_policy",
                    "depends_on": [
                        "data.aws_iam_policy_document.permissions_cache_bucket",
                        "module.label"
                    ],
                    "primary": {
                        "id": "arn:aws:iam::461765898217:policy/service-role/eg-staging-app-build-cache-bucket",
                        "attributes": {
                            "arn": "arn:aws:iam::461765898217:policy/service-role/eg-staging-app-build-cache-bucket",
                            "description": "",
                            "id": "arn:aws:iam::461765898217:policy/service-role/eg-staging-app-build-cache-bucket",
                            "name": "eg-staging-app-build-cache-bucket",
                            "path": "/service-role/",
                            "policy": "{\n  \"Version\": \"2012-10-17\",\n  \"Statement\": [\n    {\n      \"Sid\": \"\",\n      \"Effect\": \"Allow\",\n      \"Action\": \"s3:*\",\n      \"Resource\": [\n        \"arn:aws:s3:::eg-staging-app-build-xmuddcdejeeg/*\",\n        \"arn:aws:s3:::eg-staging-app-build-xmuddcdejeeg\"\n      ]\n    }\n  ]\n}"
                        },
                        "meta": {},
                        "tainted": false
                    },
                    "deposed": [],
                    "provider": "provider.aws"
                },
                "aws_iam_role.default": {
                    "type": "aws_iam_role",
                    "depends_on": [
                        "data.aws_iam_policy_document.role",
                        "module.label"
                    ],
                    "primary": {
                        "id": "eg-staging-app-build",
                        "attributes": {
                            "arn": "arn:aws:iam::461765898217:role/eg-staging-app-build",
                            "assume_role_policy": "{\"Version\":\"2012-10-17\",\"Statement\":[{\"Sid\":\"\",\"Effect\":\"Allow\",\"Principal\":{\"Service\":\"codebuild.amazonaws.com\"},\"Action\":\"sts:AssumeRole\"}]}",
                            "create_date": "2019-04-12T13:13:42Z",
                            "description": "",
                            "force_detach_policies": "false",
                            "id": "eg-staging-app-build",
                            "max_session_duration": "3600",
                            "name": "eg-staging-app-build",
                            "path": "/",
                            "tags.%": "0",
                            "unique_id": "AROAWXA3EN7U42VE35FTE"
                        },
                        "meta": {},
                        "tainted": false
                    },
                    "deposed": [],
                    "provider": "provider.aws"
                },
                "aws_iam_role_policy_attachment.default": {
                    "type": "aws_iam_role_policy_attachment",
                    "depends_on": [
                        "aws_iam_policy.default",
                        "aws_iam_role.default"
                    ],
                    "primary": {
                        "id": "eg-staging-app-build-20190412131345271400000007",
                        "attributes": {
                            "id": "eg-staging-app-build-20190412131345271400000007",
                            "policy_arn": "arn:aws:iam::461765898217:policy/service-role/eg-staging-app-build",
                            "role": "eg-staging-app-build"
                        },
                        "meta": {},
                        "tainted": false
                    },
                    "deposed": [],
                    "provider": "provider.aws"
                },
                "aws_iam_role_policy_attachment.default_cache_bucket": {
                    "type": "aws_iam_role_policy_attachment",
                    "depends_on": [
                        "aws_iam_policy.default_cache_bucket.*",
                        "aws_iam_role.default"
                    ],
                    "primary": {
                        "id": "eg-staging-app-build-2019041213140158510000000e",
                        "attributes": {
                            "id": "eg-staging-app-build-2019041213140158510000000e",
                            "policy_arn": "arn:aws:iam::461765898217:policy/service-role/eg-staging-app-build-cache-bucket",
                            "role": "eg-staging-app-build"
                        },
                        "meta": {},
                        "tainted": false
                    },
                    "deposed": [],
                    "provider": "provider.aws"
                },
                "aws_s3_bucket.cache_bucket": {
                    "type": "aws_s3_bucket",
                    "depends_on": [
                        "local.cache_bucket_name_normalised",
                        "module.label"
                    ],
                    "primary": {
                        "id": "eg-staging-app-build-xmuddcdejeeg",
                        "attributes": {
                            "acceleration_status": "",
                            "acl": "private",
                            "arn": "arn:aws:s3:::eg-staging-app-build-xmuddcdejeeg",
                            "bucket": "eg-staging-app-build-xmuddcdejeeg",
                            "bucket_domain_name": "eg-staging-app-build-xmuddcdejeeg.s3.amazonaws.com",
                            "bucket_regional_domain_name": "eg-staging-app-build-xmuddcdejeeg.s3.us-west-2.amazonaws.com",
                            "cors_rule.#": "0",
                            "force_destroy": "true",
                            "hosted_zone_id": "Z3BJ6K6RIION7M",
                            "id": "eg-staging-app-build-xmuddcdejeeg",
                            "lifecycle_rule.#": "1",
                            "lifecycle_rule.0.abort_incomplete_multipart_upload_days": "0",
                            "lifecycle_rule.0.enabled": "true",
                            "lifecycle_rule.0.expiration.#": "1",
                            "lifecycle_rule.0.expiration.3023609085.date": "",
                            "lifecycle_rule.0.expiration.3023609085.days": "7",
                            "lifecycle_rule.0.expiration.3023609085.expired_object_delete_marker": "false",
                            "lifecycle_rule.0.id": "codebuildcache",
                            "lifecycle_rule.0.noncurrent_version_expiration.#": "0",
                            "lifecycle_rule.0.noncurrent_version_transition.#": "0",
                            "lifecycle_rule.0.prefix": "/",
                            "lifecycle_rule.0.tags.%": "3",
                            "lifecycle_rule.0.tags.Name": "eg-staging-app-build",
                            "lifecycle_rule.0.tags.Namespace": "eg",
                            "lifecycle_rule.0.tags.Stage": "staging",
                            "lifecycle_rule.0.transition.#": "0",
                            "logging.#": "0",
                            "object_lock_configuration.#": "0",
                            "region": "us-west-2",
                            "replication_configuration.#": "0",
                            "request_payer": "BucketOwner",
                            "server_side_encryption_configuration.#": "0",
                            "tags.%": "3",
                            "tags.Name": "eg-staging-app-build",
                            "tags.Namespace": "eg",
                            "tags.Stage": "staging",
                            "versioning.#": "1",
                            "versioning.0.enabled": "false",
                            "versioning.0.mfa_delete": "false",
                            "website.#": "0"
                        },
                        "meta": {},
                        "tainted": false
                    },
                    "deposed": [],
                    "provider": "provider.aws"
                },
                "data.aws_caller_identity.default": {
                    "type": "aws_caller_identity",
                    "depends_on": [],
                    "primary": {
                        "id": "2019-04-12 14:05:35.865300051 +0000 UTC",
                        "attributes": {
                            "account_id": "461765898217",
                            "arn": "arn:aws:iam::461765898217:user/italo",
                            "id": "2019-04-12 14:05:35.865300051 +0000 UTC",
                            "user_id": "AIDAIE2YS6V4FRAJY7I6C"
                        },
                        "meta": {},
                        "tainted": false
                    },
                    "deposed": [],
                    "provider": "provider.aws"
                },
                "data.aws_iam_policy_document.permissions": {
                    "type": "aws_iam_policy_document",
                    "depends_on": [],
                    "primary": {
                        "id": "3556427379",
                        "attributes": {
                            "id": "3556427379",
                            "json": "{\n  \"Version\": \"2012-10-17\",\n  \"Statement\": [\n    {\n      \"Sid\": \"\",\n      \"Effect\": \"Allow\",\n      \"Action\": [\n        \"ssm:GetParameters\",\n        \"logs:PutLogEvents\",\n        \"logs:CreateLogStream\",\n        \"logs:CreateLogGroup\",\n        \"iam:PassRole\",\n        \"ecs:RunTask\",\n        \"ecr:UploadLayerPart\",\n        \"ecr:PutImage\",\n        \"ecr:InitiateLayerUpload\",\n        \"ecr:GetAuthorizationToken\",\n        \"ecr:CompleteLayerUpload\",\n        \"ecr:BatchCheckLayerAvailability\"\n      ],\n      \"Resource\": \"*\"\n    }\n  ]\n}",
                            "statement.#": "1",
                            "statement.0.actions.#": "12",
                            "statement.0.actions.1813900036": "ecr:BatchCheckLayerAvailability",
                            "statement.0.actions.2578429660": "ecr:UploadLayerPart",
                            "statement.0.actions.274876584": "ecs:RunTask",
                            "statement.0.actions.2809485102": "logs:CreateLogGroup",
                            "statement.0.actions.3285979848": "logs:CreateLogStream",
                            "statement.0.actions.356957045": "ecr:InitiateLayerUpload",
                            "statement.0.actions.3752287614": "ecr:GetAuthorizationToken",
                            "statement.0.actions.39743051": "logs:PutLogEvents",
                            "statement.0.actions.490001327": "ecr:CompleteLayerUpload",
                            "statement.0.actions.646648939": "iam:PassRole",
                            "statement.0.actions.747502271": "ssm:GetParameters",
                            "statement.0.actions.977834259": "ecr:PutImage",
                            "statement.0.condition.#": "0",
                            "statement.0.effect": "Allow",
                            "statement.0.not_actions.#": "0",
                            "statement.0.not_principals.#": "0",
                            "statement.0.not_resources.#": "0",
                            "statement.0.principals.#": "0",
                            "statement.0.resources.#": "1",
                            "statement.0.resources.2679715827": "*",
                            "statement.0.sid": "",
                            "version": "2012-10-17"
                        },
                        "meta": {},
                        "tainted": false
                    },
                    "deposed": [],
                    "provider": "provider.aws"
                },
                "data.aws_iam_policy_document.permissions_cache_bucket": {
                    "type": "aws_iam_policy_document",
                    "depends_on": [
                        "aws_s3_bucket.cache_bucket"
                    ],
                    "primary": {
                        "id": "3435506795",
                        "attributes": {
                            "id": "3435506795",
                            "json": "{\n  \"Version\": \"2012-10-17\",\n  \"Statement\": [\n    {\n      \"Sid\": \"\",\n      \"Effect\": \"Allow\",\n      \"Action\": \"s3:*\",\n      \"Resource\": [\n        \"arn:aws:s3:::eg-staging-app-build-xmuddcdejeeg/*\",\n        \"arn:aws:s3:::eg-staging-app-build-xmuddcdejeeg\"\n      ]\n    }\n  ]\n}",
                            "statement.#": "1",
                            "statement.0.actions.#": "1",
                            "statement.0.actions.1834123015": "s3:*",
                            "statement.0.condition.#": "0",
                            "statement.0.effect": "Allow",
                            "statement.0.not_actions.#": "0",
                            "statement.0.not_principals.#": "0",
                            "statement.0.not_resources.#": "0",
                            "statement.0.principals.#": "0",
                            "statement.0.resources.#": "2",
                            "statement.0.resources.3000327525": "arn:aws:s3:::eg-staging-app-build-xmuddcdejeeg/*",
                            "statement.0.resources.4106734826": "arn:aws:s3:::eg-staging-app-build-xmuddcdejeeg",
                            "statement.0.sid": "",
                            "version": "2012-10-17"
                        },
                        "meta": {},
                        "tainted": false
                    },
                    "deposed": [],
                    "provider": "provider.aws"
                },
                "data.aws_iam_policy_document.role": {
                    "type": "aws_iam_policy_document",
                    "depends_on": [],
                    "primary": {
                        "id": "442947395",
                        "attributes": {
                            "id": "442947395",
                            "json": "{\n  \"Version\": \"2012-10-17\",\n  \"Statement\": [\n    {\n      \"Sid\": \"\",\n      \"Effect\": \"Allow\",\n      \"Action\": \"sts:AssumeRole\",\n      \"Principal\": {\n        \"Service\": \"codebuild.amazonaws.com\"\n      }\n    }\n  ]\n}",
                            "statement.#": "1",
                            "statement.0.actions.#": "1",
                            "statement.0.actions.2528466339": "sts:AssumeRole",
                            "statement.0.condition.#": "0",
                            "statement.0.effect": "Allow",
                            "statement.0.not_actions.#": "0",
                            "statement.0.not_principals.#": "0",
                            "statement.0.not_resources.#": "0",
                            "statement.0.principals.#": "1",
                            "statement.0.principals.1915973264.identifiers.#": "1",
                            "statement.0.principals.1915973264.identifiers.4266571243": "codebuild.amazonaws.com",
                            "statement.0.principals.1915973264.type": "Service",
                            "statement.0.resources.#": "0",
                            "statement.0.sid": "",
                            "version": "2012-10-17"
                        },
                        "meta": {},
                        "tainted": false
                    },
                    "deposed": [],
                    "provider": "provider.aws"
                },
                "data.aws_region.default": {
                    "type": "aws_region",
                    "depends_on": [],
                    "primary": {
                        "id": "us-west-2",
                        "attributes": {
                            "description": "US West (Oregon)",
                            "endpoint": "ec2.us-west-2.amazonaws.com",
                            "id": "us-west-2",
                            "name": "us-west-2"
                        },
                        "meta": {},
                        "tainted": false
                    },
                    "deposed": [],
                    "provider": "provider.aws"
                },
                "random_string.bucket_prefix": {
                    "type": "random_string",
                    "depends_on": [],
                    "primary": {
                        "id": "none",
                        "attributes": {
                            "id": "none",
                            "length": "12",
                            "lower": "true",
                            "min_lower": "0",
                            "min_numeric": "0",
                            "min_special": "0",
                            "min_upper": "0",
                            "number": "false",
                            "result": "xmuddcdejeeg",
                            "special": "false",
                            "upper": "false"
                        },
                        "meta": {
                            "schema_version": "1"
                        },
                        "tainted": false
                    },
                    "deposed": [],
                    "provider": "provider.random"
                }
            },
            "depends_on": []
        },
        {
            "path": [
                "root",
                "ecs_push_pipeline",
                "codebuild_label"
            ],
            "outputs": {
                "attributes": {
                    "sensitive": false,
                    "type": "string",
                    "value": "codebuild"
                },
                "id": {
                    "sensitive": false,
                    "type": "string",
                    "value": "eg-staging-app-codebuild"
                },
                "name": {
                    "sensitive": false,
                    "type": "string",
                    "value": "app"
                },
                "namespace": {
                    "sensitive": false,
                    "type": "string",
                    "value": "eg"
                },
                "stage": {
                    "sensitive": false,
                    "type": "string",
                    "value": "staging"
                },
                "tags": {
                    "sensitive": false,
                    "type": "map",
                    "value": {
                        "Name": "eg-staging-app-codebuild",
                        "Namespace": "eg",
                        "Stage": "staging"
                    }
                }
            },
            "resources": {},
            "depends_on": []
        },
        {
            "path": [
                "root",
                "ecs_push_pipeline",
                "codepipeline_assume_label"
            ],
            "outputs": {
                "attributes": {
                    "sensitive": false,
                    "type": "string",
                    "value": "codepipeline-assume"
                },
                "id": {
                    "sensitive": false,
                    "type": "string",
                    "value": "eg-staging-app-codepipeline-assume"
                },
                "name": {
                    "sensitive": false,
                    "type": "string",
                    "value": "app"
                },
                "namespace": {
                    "sensitive": false,
                    "type": "string",
                    "value": "eg"
                },
                "stage": {
                    "sensitive": false,
                    "type": "string",
                    "value": "staging"
                },
                "tags": {
                    "sensitive": false,
                    "type": "map",
                    "value": {
                        "Name": "eg-staging-app-codepipeline-assume",
                        "Namespace": "eg",
                        "Stage": "staging"
                    }
                }
            },
            "resources": {},
            "depends_on": []
        },
        {
            "path": [
                "root",
                "ecs_push_pipeline",
                "codepipeline_label"
            ],
            "outputs": {
                "attributes": {
                    "sensitive": false,
                    "type": "string",
                    "value": "codepipeline"
                },
                "id": {
                    "sensitive": false,
                    "type": "string",
                    "value": "eg-staging-app-codepipeline"
                },
                "name": {
                    "sensitive": false,
                    "type": "string",
                    "value": "app"
                },
                "namespace": {
                    "sensitive": false,
                    "type": "string",
                    "value": "eg"
                },
                "stage": {
                    "sensitive": false,
                    "type": "string",
                    "value": "staging"
                },
                "tags": {
                    "sensitive": false,
                    "type": "map",
                    "value": {
                        "Name": "eg-staging-app-codepipeline",
                        "Namespace": "eg",
                        "Stage": "staging"
                    }
                }
            },
            "resources": {},
            "depends_on": []
        },
        {
            "path": [
                "root",
                "ecs_push_pipeline",
                "codepipeline_s3_policy_label"
            ],
            "outputs": {
                "attributes": {
                    "sensitive": false,
                    "type": "string",
                    "value": "codepipeline-s3"
                },
                "id": {
                    "sensitive": false,
                    "type": "string",
                    "value": "eg-staging-app-codepipeline-s3"
                },
                "name": {
                    "sensitive": false,
                    "type": "string",
                    "value": "app"
                },
                "namespace": {
                    "sensitive": false,
                    "type": "string",
                    "value": "eg"
                },
                "stage": {
                    "sensitive": false,
                    "type": "string",
                    "value": "staging"
                },
                "tags": {
                    "sensitive": false,
                    "type": "map",
                    "value": {
                        "Name": "eg-staging-app-codepipeline-s3",
                        "Namespace": "eg",
                        "Stage": "staging"
                    }
                }
            },
            "resources": {},
            "depends_on": []
        },
        {
            "path": [
                "root",
                "ecs_push_pipeline",
                "github_webhooks"
            ],
            "outputs": {},
            "resources": {
                "github_repository_webhook.default": {
                    "type": "github_repository_webhook",
                    "depends_on": [],
                    "primary": {
                        "id": "101650688",
                        "attributes": {
                            "active": "true",
                            "configuration.#": "1",
                            "configuration.0.content_type": "json",
                            "configuration.0.insecure_ssl": "0",
                            "configuration.0.secret": "********",
                            "configuration.0.url": "https://us-west-2.webhooks.aws/trigger?t=eyJlbmNyeXB0ZWREYXRhIjoiaDVHRm5GUDdxY2NtaWVLdWdzTC9VTHNIbHVObzhhM0ZCYWJ5UENmU3Q3VFY0M1dRbkF5RzZZZ21pZmpxSkt6NlAzUW9CUzg1MGRpK0RyV0RPbGhoMnVjSTV5L09VK1A2d0VnSmdLU09hMmxValNPWlkyaWlta2w3MStRc1Z0SFBRSm9kcjBHNnEzZ3UyN01JSmVNYnBuK3lkNXlzRHNPWlhEcWVOOEJLVjhZVWJ3PT0iLCJpdlBhcmFtZXRlclNwZWMiOiJHOUZVSnVNdFhXUW8rYzcwIiwibWF0ZXJpYWxTZXRTZXJpYWwiOjF9\u0026v=1",
                            "events.#": "1",
                            "events.1597642340": "push",
                            "id": "101650688",
                            "name": "web",
                            "repository": "expressive",
                            "url": "https://api.github.com/repos/italodeveloper/expressive/hooks/101650688"
                        },
                        "meta": {
                            "schema_version": "1"
                        },
                        "tainted": false
                    },
                    "deposed": [],
                    "provider": "module.ecs_push_pipeline.module.github_webhooks.provider.github"
                }
            },
            "depends_on": []
        },
        {
            "path": [
                "root",
                "ecs_push_pipeline",
                "build",
                "label"
            ],
            "outputs": {
                "attributes": {
                    "sensitive": false,
                    "type": "string",
                    "value": "build"
                },
                "id": {
                    "sensitive": false,
                    "type": "string",
                    "value": "eg-staging-app-build"
                },
                "name": {
                    "sensitive": false,
                    "type": "string",
                    "value": "app"
                },
                "namespace": {
                    "sensitive": false,
                    "type": "string",
                    "value": "eg"
                },
                "stage": {
                    "sensitive": false,
                    "type": "string",
                    "value": "staging"
                },
                "tags": {
                    "sensitive": false,
                    "type": "map",
                    "value": {
                        "Name": "eg-staging-app-build",
                        "Namespace": "eg",
                        "Stage": "staging"
                    }
                }
            },
            "resources": {},
            "depends_on": []
        }
    ]
}
